// !$*UTF8*$!
{
	archiveVersion = 1;
	classes = {
	};
	objectVersion = 56;
	objects = {

/* Begin PBXBuildFile section */
		DD28E1532B2B7D9700F9D456 /* AppDelegate.swift in Sources */ = {isa = PBXBuildFile; fileRef = DD28E1522B2B7D9700F9D456 /* AppDelegate.swift */; };
		DD28E1552B2B7D9700F9D456 /* SceneDelegate.swift in Sources */ = {isa = PBXBuildFile; fileRef = DD28E1542B2B7D9700F9D456 /* SceneDelegate.swift */; };
		DD28E15C2B2B7D9B00F9D456 /* Assets.xcassets in Resources */ = {isa = PBXBuildFile; fileRef = DD28E15B2B2B7D9B00F9D456 /* Assets.xcassets */; };
		DD28E15F2B2B7D9B00F9D456 /* LaunchScreen.storyboard in Resources */ = {isa = PBXBuildFile; fileRef = DD28E15D2B2B7D9B00F9D456 /* LaunchScreen.storyboard */; };
		DD28E16A2B2B7D9B00F9D456 /* TechnologyAssessmentTests.swift in Sources */ = {isa = PBXBuildFile; fileRef = DD28E1692B2B7D9B00F9D456 /* TechnologyAssessmentTests.swift */; };
		DD28E1892B2B912D00F9D456 /* Coordinator.swift in Sources */ = {isa = PBXBuildFile; fileRef = DD28E1882B2B912D00F9D456 /* Coordinator.swift */; };
		DD28E18C2B2B917500F9D456 /* ViewController+Coordinator.swift in Sources */ = {isa = PBXBuildFile; fileRef = DD28E18B2B2B917500F9D456 /* ViewController+Coordinator.swift */; };
		DD28E18E2B2B918E00F9D456 /* Presentable.swift in Sources */ = {isa = PBXBuildFile; fileRef = DD28E18D2B2B918E00F9D456 /* Presentable.swift */; };
		DD28E1902B2B91D700F9D456 /* BaseCoordinator.swift in Sources */ = {isa = PBXBuildFile; fileRef = DD28E18F2B2B91D700F9D456 /* BaseCoordinator.swift */; };
		DD28E1922B2B934100F9D456 /* CoordinatorOutput.swift in Sources */ = {isa = PBXBuildFile; fileRef = DD28E1912B2B934100F9D456 /* CoordinatorOutput.swift */; };
		DD28E1952B2B93E900F9D456 /* Router.swift in Sources */ = {isa = PBXBuildFile; fileRef = DD28E1942B2B93E900F9D456 /* Router.swift */; };
		DD28E1972B2B9A4400F9D456 /* AppCoordinator.swift in Sources */ = {isa = PBXBuildFile; fileRef = DD28E1962B2B9A4400F9D456 /* AppCoordinator.swift */; };
		DD28E19B2B2B9C6900F9D456 /* ArticleListVC.swift in Sources */ = {isa = PBXBuildFile; fileRef = DD28E19A2B2B9C6900F9D456 /* ArticleListVC.swift */; };
		DD28E19F2B2B9CB000F9D456 /* Article.storyboard in Resources */ = {isa = PBXBuildFile; fileRef = DD28E19E2B2B9CB000F9D456 /* Article.storyboard */; };
		DD28E1A22B2B9D2800F9D456 /* ArticlesViewBuilder.swift in Sources */ = {isa = PBXBuildFile; fileRef = DD28E1A12B2B9D2800F9D456 /* ArticlesViewBuilder.swift */; };
		DD28E1A42B2B9D9B00F9D456 /* UIStoryboard+Extension.swift in Sources */ = {isa = PBXBuildFile; fileRef = DD28E1A32B2B9D9B00F9D456 /* UIStoryboard+Extension.swift */; };
		DD28E1A72B2B9E5D00F9D456 /* ArticleListViewCoordinator.swift in Sources */ = {isa = PBXBuildFile; fileRef = DD28E1A62B2B9E5D00F9D456 /* ArticleListViewCoordinator.swift */; };
		DD28E1AB2B2BEBB700F9D456 /* ArticleCell.swift in Sources */ = {isa = PBXBuildFile; fileRef = DD28E1A92B2BEBB700F9D456 /* ArticleCell.swift */; };
		DD28E1AC2B2BEBB700F9D456 /* ArticleCell.xib in Resources */ = {isa = PBXBuildFile; fileRef = DD28E1AA2B2BEBB700F9D456 /* ArticleCell.xib */; };
		DD28E1AF2B2BED0300F9D456 /* Article.swift in Sources */ = {isa = PBXBuildFile; fileRef = DD28E1AE2B2BED0300F9D456 /* Article.swift */; };
		DD28E1B22B2BF01F00F9D456 /* APIConstants.swift in Sources */ = {isa = PBXBuildFile; fileRef = DD28E1B12B2BF01F00F9D456 /* APIConstants.swift */; };
		DD28E1B52B2BF06D00F9D456 /* DataParser.swift in Sources */ = {isa = PBXBuildFile; fileRef = DD28E1B42B2BF06D00F9D456 /* DataParser.swift */; };
		DD28E1B82B2BF09C00F9D456 /* RequestManager.swift in Sources */ = {isa = PBXBuildFile; fileRef = DD28E1B72B2BF09C00F9D456 /* RequestManager.swift */; };
		DD28E1BA2B2BF0B200F9D456 /* APIManager.swift in Sources */ = {isa = PBXBuildFile; fileRef = DD28E1B92B2BF0B200F9D456 /* APIManager.swift */; };
		DD28E1BC2B2BF0C800F9D456 /* NetworkError.swift in Sources */ = {isa = PBXBuildFile; fileRef = DD28E1BB2B2BF0C800F9D456 /* NetworkError.swift */; };
		DD28E1BF2B2BF0E800F9D456 /* RequestProtocol.swift in Sources */ = {isa = PBXBuildFile; fileRef = DD28E1BE2B2BF0E800F9D456 /* RequestProtocol.swift */; };
		DD28E1C12B2BF0FD00F9D456 /* RequestType.swift in Sources */ = {isa = PBXBuildFile; fileRef = DD28E1C02B2BF0FD00F9D456 /* RequestType.swift */; };
		DD28E1C52B2BF1BB00F9D456 /* ArticleCellViewModel.swift in Sources */ = {isa = PBXBuildFile; fileRef = DD28E1C42B2BF1BB00F9D456 /* ArticleCellViewModel.swift */; };
		DD28E1CE2B2BF51C00F9D456 /* APIManagerMock.swift in Sources */ = {isa = PBXBuildFile; fileRef = DD28E1CD2B2BF51C00F9D456 /* APIManagerMock.swift */; };
		DD28E1D02B2BF52700F9D456 /* RequestManagerMock.swift in Sources */ = {isa = PBXBuildFile; fileRef = DD28E1CF2B2BF52700F9D456 /* RequestManagerMock.swift */; };
		DD28E1D32B2BF5F100F9D456 /* ArticleRequest.swift in Sources */ = {isa = PBXBuildFile; fileRef = DD28E1D22B2BF5F100F9D456 /* ArticleRequest.swift */; };
		DD28E1D52B2BF74E00F9D456 /* ArticleRequestMock.swift in Sources */ = {isa = PBXBuildFile; fileRef = DD28E1D42B2BF74E00F9D456 /* ArticleRequestMock.swift */; };
		DD28E1D82B2BF82500F9D456 /* ArticleRepo.swift in Sources */ = {isa = PBXBuildFile; fileRef = DD28E1D72B2BF82500F9D456 /* ArticleRepo.swift */; };
		DD28E1E02B2BFB1600F9D456 /* RepoArticleTest.swift in Sources */ = {isa = PBXBuildFile; fileRef = DD28E1DF2B2BFB1600F9D456 /* RepoArticleTest.swift */; };
		DD28E1E22B2BFE0B00F9D456 /* ArticleRepoImplMock.swift in Sources */ = {isa = PBXBuildFile; fileRef = DD28E1E12B2BFE0B00F9D456 /* ArticleRepoImplMock.swift */; };
		DD28E1E52B2C021700F9D456 /* Articles.json in Resources */ = {isa = PBXBuildFile; fileRef = DD28E1E42B2C021700F9D456 /* Articles.json */; };
		DD28E1E62B2C024100F9D456 /* Articles.json in Sources */ = {isa = PBXBuildFile; fileRef = DD28E1E42B2C021700F9D456 /* Articles.json */; };
		DD28E1E72B2C05F400F9D456 /* DataParser.swift in Sources */ = {isa = PBXBuildFile; fileRef = DD28E1B42B2BF06D00F9D456 /* DataParser.swift */; };
		DD28E1EB2B2C098200F9D456 /* ArticleListViewModel.swift in Sources */ = {isa = PBXBuildFile; fileRef = DD28E1EA2B2C098200F9D456 /* ArticleListViewModel.swift */; };
		DD28E1EF2B2C0B9C00F9D456 /* ArticlesListViewModelTests.swift in Sources */ = {isa = PBXBuildFile; fileRef = DD28E1EE2B2C0B9C00F9D456 /* ArticlesListViewModelTests.swift */; };
		DD28E1F12B2C12CB00F9D456 /* ArticlesDataStoreMock.swift in Sources */ = {isa = PBXBuildFile; fileRef = DD28E1F02B2C12CB00F9D456 /* ArticlesDataStoreMock.swift */; };
		DD6D898F2B2C30A90078E02E /* ArticleDetailVC.swift in Sources */ = {isa = PBXBuildFile; fileRef = DD6D898E2B2C30A90078E02E /* ArticleDetailVC.swift */; };
		DD6D89922B2C32000078E02E /* ArticleDetailVCViewModel.swift in Sources */ = {isa = PBXBuildFile; fileRef = DD6D89912B2C32000078E02E /* ArticleDetailVCViewModel.swift */; };
		DD6D89942B2C32260078E02E /* ArticleDetailViewModel.swift in Sources */ = {isa = PBXBuildFile; fileRef = DD6D89932B2C32260078E02E /* ArticleDetailViewModel.swift */; };
		DD6D89962B2C38F90078E02E /* ArticleDetailVCViewModelTest.swift in Sources */ = {isa = PBXBuildFile; fileRef = DD6D89952B2C38F90078E02E /* ArticleDetailVCViewModelTest.swift */; };
		DDE430BC2B2C291C00110CAE /* Kingfisher in Frameworks */ = {isa = PBXBuildFile; productRef = DDE430BB2B2C291C00110CAE /* Kingfisher */; };
		DDE430BE2B2C2ADB00110CAE /* ViewController+Extension.swift in Sources */ = {isa = PBXBuildFile; fileRef = DDE430BD2B2C2ADB00110CAE /* ViewController+Extension.swift */; };
/* End PBXBuildFile section */

/* Begin PBXContainerItemProxy section */
		DD28E1662B2B7D9B00F9D456 /* PBXContainerItemProxy */ = {
			isa = PBXContainerItemProxy;
			containerPortal = DD28E1472B2B7D9700F9D456 /* Project object */;
			proxyType = 1;
			remoteGlobalIDString = DD28E14E2B2B7D9700F9D456;
			remoteInfo = TechnologyAssessment;
		};
/* End PBXContainerItemProxy section */

/* Begin PBXFileReference section */
		DD28E14F2B2B7D9700F9D456 /* TechnologyAssessment.app */ = {isa = PBXFileReference; explicitFileType = wrapper.application; includeInIndex = 0; path = TechnologyAssessment.app; sourceTree = BUILT_PRODUCTS_DIR; };
		DD28E1522B2B7D9700F9D456 /* AppDelegate.swift */ = {isa = PBXFileReference; lastKnownFileType = sourcecode.swift; path = AppDelegate.swift; sourceTree = "<group>"; };
		DD28E1542B2B7D9700F9D456 /* SceneDelegate.swift */ = {isa = PBXFileReference; lastKnownFileType = sourcecode.swift; path = SceneDelegate.swift; sourceTree = "<group>"; };
		DD28E15B2B2B7D9B00F9D456 /* Assets.xcassets */ = {isa = PBXFileReference; lastKnownFileType = folder.assetcatalog; path = Assets.xcassets; sourceTree = "<group>"; };
		DD28E15E2B2B7D9B00F9D456 /* Base */ = {isa = PBXFileReference; lastKnownFileType = file.storyboard; name = Base; path = Base.lproj/LaunchScreen.storyboard; sourceTree = "<group>"; };
		DD28E1602B2B7D9B00F9D456 /* Info.plist */ = {isa = PBXFileReference; lastKnownFileType = text.plist.xml; path = Info.plist; sourceTree = "<group>"; };
		DD28E1652B2B7D9B00F9D456 /* TechnologyAssessmentTests.xctest */ = {isa = PBXFileReference; explicitFileType = wrapper.cfbundle; includeInIndex = 0; path = TechnologyAssessmentTests.xctest; sourceTree = BUILT_PRODUCTS_DIR; };
		DD28E1692B2B7D9B00F9D456 /* TechnologyAssessmentTests.swift */ = {isa = PBXFileReference; lastKnownFileType = sourcecode.swift; path = TechnologyAssessmentTests.swift; sourceTree = "<group>"; };
		DD28E1882B2B912D00F9D456 /* Coordinator.swift */ = {isa = PBXFileReference; lastKnownFileType = sourcecode.swift; path = Coordinator.swift; sourceTree = "<group>"; };
		DD28E18B2B2B917500F9D456 /* ViewController+Coordinator.swift */ = {isa = PBXFileReference; lastKnownFileType = sourcecode.swift; path = "ViewController+Coordinator.swift"; sourceTree = "<group>"; };
		DD28E18D2B2B918E00F9D456 /* Presentable.swift */ = {isa = PBXFileReference; lastKnownFileType = sourcecode.swift; path = Presentable.swift; sourceTree = "<group>"; };
		DD28E18F2B2B91D700F9D456 /* BaseCoordinator.swift */ = {isa = PBXFileReference; lastKnownFileType = sourcecode.swift; path = BaseCoordinator.swift; sourceTree = "<group>"; };
		DD28E1912B2B934100F9D456 /* CoordinatorOutput.swift */ = {isa = PBXFileReference; lastKnownFileType = sourcecode.swift; path = CoordinatorOutput.swift; sourceTree = "<group>"; };
		DD28E1942B2B93E900F9D456 /* Router.swift */ = {isa = PBXFileReference; lastKnownFileType = sourcecode.swift; path = Router.swift; sourceTree = "<group>"; };
		DD28E1962B2B9A4400F9D456 /* AppCoordinator.swift */ = {isa = PBXFileReference; lastKnownFileType = sourcecode.swift; path = AppCoordinator.swift; sourceTree = "<group>"; };
		DD28E19A2B2B9C6900F9D456 /* ArticleListVC.swift */ = {isa = PBXFileReference; lastKnownFileType = sourcecode.swift; path = ArticleListVC.swift; sourceTree = "<group>"; };
		DD28E19E2B2B9CB000F9D456 /* Article.storyboard */ = {isa = PBXFileReference; lastKnownFileType = file.storyboard; path = Article.storyboard; sourceTree = "<group>"; };
		DD28E1A12B2B9D2800F9D456 /* ArticlesViewBuilder.swift */ = {isa = PBXFileReference; lastKnownFileType = sourcecode.swift; path = ArticlesViewBuilder.swift; sourceTree = "<group>"; };
		DD28E1A32B2B9D9B00F9D456 /* UIStoryboard+Extension.swift */ = {isa = PBXFileReference; lastKnownFileType = sourcecode.swift; path = "UIStoryboard+Extension.swift"; sourceTree = "<group>"; };
		DD28E1A62B2B9E5D00F9D456 /* ArticleListViewCoordinator.swift */ = {isa = PBXFileReference; lastKnownFileType = sourcecode.swift; path = ArticleListViewCoordinator.swift; sourceTree = "<group>"; };
		DD28E1A92B2BEBB700F9D456 /* ArticleCell.swift */ = {isa = PBXFileReference; lastKnownFileType = sourcecode.swift; path = ArticleCell.swift; sourceTree = "<group>"; };
		DD28E1AA2B2BEBB700F9D456 /* ArticleCell.xib */ = {isa = PBXFileReference; lastKnownFileType = file.xib; path = ArticleCell.xib; sourceTree = "<group>"; };
		DD28E1AE2B2BED0300F9D456 /* Article.swift */ = {isa = PBXFileReference; lastKnownFileType = sourcecode.swift; path = Article.swift; sourceTree = "<group>"; };
		DD28E1B12B2BF01F00F9D456 /* APIConstants.swift */ = {isa = PBXFileReference; lastKnownFileType = sourcecode.swift; path = APIConstants.swift; sourceTree = "<group>"; };
		DD28E1B42B2BF06D00F9D456 /* DataParser.swift */ = {isa = PBXFileReference; lastKnownFileType = sourcecode.swift; path = DataParser.swift; sourceTree = "<group>"; };
		DD28E1B72B2BF09C00F9D456 /* RequestManager.swift */ = {isa = PBXFileReference; lastKnownFileType = sourcecode.swift; path = RequestManager.swift; sourceTree = "<group>"; };
		DD28E1B92B2BF0B200F9D456 /* APIManager.swift */ = {isa = PBXFileReference; lastKnownFileType = sourcecode.swift; path = APIManager.swift; sourceTree = "<group>"; };
		DD28E1BB2B2BF0C800F9D456 /* NetworkError.swift */ = {isa = PBXFileReference; lastKnownFileType = sourcecode.swift; path = NetworkError.swift; sourceTree = "<group>"; };
		DD28E1BE2B2BF0E800F9D456 /* RequestProtocol.swift */ = {isa = PBXFileReference; lastKnownFileType = sourcecode.swift; path = RequestProtocol.swift; sourceTree = "<group>"; };
		DD28E1C02B2BF0FD00F9D456 /* RequestType.swift */ = {isa = PBXFileReference; lastKnownFileType = sourcecode.swift; path = RequestType.swift; sourceTree = "<group>"; };
		DD28E1C42B2BF1BB00F9D456 /* ArticleCellViewModel.swift */ = {isa = PBXFileReference; lastKnownFileType = sourcecode.swift; path = ArticleCellViewModel.swift; sourceTree = "<group>"; };
		DD28E1CD2B2BF51C00F9D456 /* APIManagerMock.swift */ = {isa = PBXFileReference; lastKnownFileType = sourcecode.swift; path = APIManagerMock.swift; sourceTree = "<group>"; };
		DD28E1CF2B2BF52700F9D456 /* RequestManagerMock.swift */ = {isa = PBXFileReference; lastKnownFileType = sourcecode.swift; path = RequestManagerMock.swift; sourceTree = "<group>"; };
		DD28E1D22B2BF5F100F9D456 /* ArticleRequest.swift */ = {isa = PBXFileReference; lastKnownFileType = sourcecode.swift; path = ArticleRequest.swift; sourceTree = "<group>"; };
		DD28E1D42B2BF74E00F9D456 /* ArticleRequestMock.swift */ = {isa = PBXFileReference; lastKnownFileType = sourcecode.swift; path = ArticleRequestMock.swift; sourceTree = "<group>"; };
		DD28E1D72B2BF82500F9D456 /* ArticleRepo.swift */ = {isa = PBXFileReference; lastKnownFileType = sourcecode.swift; path = ArticleRepo.swift; sourceTree = "<group>"; };
		DD28E1DF2B2BFB1600F9D456 /* RepoArticleTest.swift */ = {isa = PBXFileReference; lastKnownFileType = sourcecode.swift; path = RepoArticleTest.swift; sourceTree = "<group>"; };
		DD28E1E12B2BFE0B00F9D456 /* ArticleRepoImplMock.swift */ = {isa = PBXFileReference; lastKnownFileType = sourcecode.swift; path = ArticleRepoImplMock.swift; sourceTree = "<group>"; };
		DD28E1E42B2C021700F9D456 /* Articles.json */ = {isa = PBXFileReference; lastKnownFileType = text.json; path = Articles.json; sourceTree = "<group>"; };
		DD28E1EA2B2C098200F9D456 /* ArticleListViewModel.swift */ = {isa = PBXFileReference; lastKnownFileType = sourcecode.swift; path = ArticleListViewModel.swift; sourceTree = "<group>"; };
		DD28E1EE2B2C0B9C00F9D456 /* ArticlesListViewModelTests.swift */ = {isa = PBXFileReference; lastKnownFileType = sourcecode.swift; path = ArticlesListViewModelTests.swift; sourceTree = "<group>"; };
		DD28E1F02B2C12CB00F9D456 /* ArticlesDataStoreMock.swift */ = {isa = PBXFileReference; lastKnownFileType = sourcecode.swift; path = ArticlesDataStoreMock.swift; sourceTree = "<group>"; };
		DD6D898E2B2C30A90078E02E /* ArticleDetailVC.swift */ = {isa = PBXFileReference; lastKnownFileType = sourcecode.swift; path = ArticleDetailVC.swift; sourceTree = "<group>"; };
		DD6D89912B2C32000078E02E /* ArticleDetailVCViewModel.swift */ = {isa = PBXFileReference; lastKnownFileType = sourcecode.swift; path = ArticleDetailVCViewModel.swift; sourceTree = "<group>"; };
		DD6D89932B2C32260078E02E /* ArticleDetailViewModel.swift */ = {isa = PBXFileReference; lastKnownFileType = sourcecode.swift; path = ArticleDetailViewModel.swift; sourceTree = "<group>"; };
		DD6D89952B2C38F90078E02E /* ArticleDetailVCViewModelTest.swift */ = {isa = PBXFileReference; lastKnownFileType = sourcecode.swift; path = ArticleDetailVCViewModelTest.swift; sourceTree = "<group>"; };
		DDE430BD2B2C2ADB00110CAE /* ViewController+Extension.swift */ = {isa = PBXFileReference; lastKnownFileType = sourcecode.swift; path = "ViewController+Extension.swift"; sourceTree = "<group>"; };
/* End PBXFileReference section */

/* Begin PBXFrameworksBuildPhase section */
		DD28E14C2B2B7D9700F9D456 /* Frameworks */ = {
			isa = PBXFrameworksBuildPhase;
			buildActionMask = 2147483647;
			files = (
				DDE430BC2B2C291C00110CAE /* Kingfisher in Frameworks */,
			);
			runOnlyForDeploymentPostprocessing = 0;
		};
		DD28E1622B2B7D9B00F9D456 /* Frameworks */ = {
			isa = PBXFrameworksBuildPhase;
			buildActionMask = 2147483647;
			files = (
			);
			runOnlyForDeploymentPostprocessing = 0;
		};
/* End PBXFrameworksBuildPhase section */

/* Begin PBXGroup section */
		DD28E1462B2B7D9700F9D456 = {
			isa = PBXGroup;
			children = (
				DD28E1512B2B7D9700F9D456 /* TechnologyAssessment */,
				DD28E1682B2B7D9B00F9D456 /* TechnologyAssessmentTests */,
				DD28E1502B2B7D9700F9D456 /* Products */,
			);
			sourceTree = "<group>";
		};
		DD28E1502B2B7D9700F9D456 /* Products */ = {
			isa = PBXGroup;
			children = (
				DD28E14F2B2B7D9700F9D456 /* TechnologyAssessment.app */,
				DD28E1652B2B7D9B00F9D456 /* TechnologyAssessmentTests.xctest */,
			);
			name = Products;
			sourceTree = "<group>";
		};
		DD28E1512B2B7D9700F9D456 /* TechnologyAssessment */ = {
			isa = PBXGroup;
			children = (
				DD28E1822B2B80AA00F9D456 /* Startup */,
				DD28E1832B2B84C000F9D456 /* Core */,
				DD28E1982B2B9C1900F9D456 /* Features */,
				DD28E15B2B2B7D9B00F9D456 /* Assets.xcassets */,
				DD28E15D2B2B7D9B00F9D456 /* LaunchScreen.storyboard */,
				DD28E1602B2B7D9B00F9D456 /* Info.plist */,
			);
			path = TechnologyAssessment;
			sourceTree = "<group>";
		};
		DD28E1682B2B7D9B00F9D456 /* TechnologyAssessmentTests */ = {
			isa = PBXGroup;
			children = (
				DD28E1692B2B7D9B00F9D456 /* TechnologyAssessmentTests.swift */,
				DD28E1C62B2BF40100F9D456 /* Core */,
				DD28E1DF2B2BFB1600F9D456 /* RepoArticleTest.swift */,
				DD28E1EE2B2C0B9C00F9D456 /* ArticlesListViewModelTests.swift */,
				DD6D89952B2C38F90078E02E /* ArticleDetailVCViewModelTest.swift */,
			);
			path = TechnologyAssessmentTests;
			sourceTree = "<group>";
		};
		DD28E1822B2B80AA00F9D456 /* Startup */ = {
			isa = PBXGroup;
			children = (
				DD28E1522B2B7D9700F9D456 /* AppDelegate.swift */,
				DD28E1542B2B7D9700F9D456 /* SceneDelegate.swift */,
				DD28E1962B2B9A4400F9D456 /* AppCoordinator.swift */,
			);
			path = Startup;
			sourceTree = "<group>";
		};
		DD28E1832B2B84C000F9D456 /* Core */ = {
			isa = PBXGroup;
			children = (
				DD28E1842B2B84CD00F9D456 /* data */,
				DD28E1852B2B84D200F9D456 /* domain */,
			);
			path = Core;
			sourceTree = "<group>";
		};
		DD28E1842B2B84CD00F9D456 /* data */ = {
			isa = PBXGroup;
			children = (
				DD28E1B02B2BF00200F9D456 /* api */,
			);
			path = data;
			sourceTree = "<group>";
		};
		DD28E1852B2B84D200F9D456 /* domain */ = {
			isa = PBXGroup;
			children = (
				DD28E1AD2B2BECEC00F9D456 /* models */,
				DD28E1862B2B84ED00F9D456 /* common */,
			);
			path = domain;
			sourceTree = "<group>";
		};
		DD28E1862B2B84ED00F9D456 /* common */ = {
			isa = PBXGroup;
			children = (
				DD28E1872B2B84F700F9D456 /* coordinator */,
				DD28E1932B2B93D500F9D456 /* router */,
				DD28E18A2B2B916400F9D456 /* extensions */,
			);
			path = common;
			sourceTree = "<group>";
		};
		DD28E1872B2B84F700F9D456 /* coordinator */ = {
			isa = PBXGroup;
			children = (
				DD28E1882B2B912D00F9D456 /* Coordinator.swift */,
				DD28E18F2B2B91D700F9D456 /* BaseCoordinator.swift */,
				DD28E18D2B2B918E00F9D456 /* Presentable.swift */,
				DD28E1912B2B934100F9D456 /* CoordinatorOutput.swift */,
			);
			path = coordinator;
			sourceTree = "<group>";
		};
		DD28E18A2B2B916400F9D456 /* extensions */ = {
			isa = PBXGroup;
			children = (
				DD28E18B2B2B917500F9D456 /* ViewController+Coordinator.swift */,
				DD28E1A32B2B9D9B00F9D456 /* UIStoryboard+Extension.swift */,
				DDE430BD2B2C2ADB00110CAE /* ViewController+Extension.swift */,
			);
			path = extensions;
			sourceTree = "<group>";
		};
		DD28E1932B2B93D500F9D456 /* router */ = {
			isa = PBXGroup;
			children = (
				DD28E1942B2B93E900F9D456 /* Router.swift */,
			);
			path = router;
			sourceTree = "<group>";
		};
		DD28E1982B2B9C1900F9D456 /* Features */ = {
			isa = PBXGroup;
			children = (
				DD28E1992B2B9C3000F9D456 /* Article */,
			);
			path = Features;
			sourceTree = "<group>";
		};
		DD28E1992B2B9C3000F9D456 /* Article */ = {
			isa = PBXGroup;
			children = (
				DD28E1A52B2B9E3C00F9D456 /* Coordinators */,
				DD28E1A02B2B9CFB00F9D456 /* Builder */,
				DD28E19C2B2B9C9400F9D456 /* ArticleList */,
				DD6D898D2B2C30880078E02E /* Detail */,
				DD28E19D2B2B9CA000F9D456 /* View */,
			);
			path = Article;
			sourceTree = "<group>";
		};
		DD28E19C2B2B9C9400F9D456 /* ArticleList */ = {
			isa = PBXGroup;
			children = (
				DD28E19A2B2B9C6900F9D456 /* ArticleListVC.swift */,
				DD28E1C22B2BF18900F9D456 /* ViewModel */,
				DD28E1A82B2BEB8400F9D456 /* Cell */,
			);
			path = ArticleList;
			sourceTree = "<group>";
		};
		DD28E19D2B2B9CA000F9D456 /* View */ = {
			isa = PBXGroup;
			children = (
				DD28E19E2B2B9CB000F9D456 /* Article.storyboard */,
			);
			path = View;
			sourceTree = "<group>";
		};
		DD28E1A02B2B9CFB00F9D456 /* Builder */ = {
			isa = PBXGroup;
			children = (
				DD28E1A12B2B9D2800F9D456 /* ArticlesViewBuilder.swift */,
			);
			path = Builder;
			sourceTree = "<group>";
		};
		DD28E1A52B2B9E3C00F9D456 /* Coordinators */ = {
			isa = PBXGroup;
			children = (
				DD28E1A62B2B9E5D00F9D456 /* ArticleListViewCoordinator.swift */,
			);
			path = Coordinators;
			sourceTree = "<group>";
		};
		DD28E1A82B2BEB8400F9D456 /* Cell */ = {
			isa = PBXGroup;
			children = (
				DD28E1A92B2BEBB700F9D456 /* ArticleCell.swift */,
				DD28E1AA2B2BEBB700F9D456 /* ArticleCell.xib */,
				DD28E1C42B2BF1BB00F9D456 /* ArticleCellViewModel.swift */,
			);
			path = Cell;
			sourceTree = "<group>";
		};
		DD28E1AD2B2BECEC00F9D456 /* models */ = {
			isa = PBXGroup;
			children = (
				DD28E1AE2B2BED0300F9D456 /* Article.swift */,
			);
			path = models;
			sourceTree = "<group>";
		};
		DD28E1B02B2BF00200F9D456 /* api */ = {
			isa = PBXGroup;
			children = (
				DD28E1D62B2BF81A00F9D456 /* Repo */,
				DD28E1B32B2BF06100F9D456 /* parser */,
				DD28E1B62B2BF08000F9D456 /* network */,
				DD28E1BD2B2BF0D300F9D456 /* request */,
				DD28E1B12B2BF01F00F9D456 /* APIConstants.swift */,
			);
			path = api;
			sourceTree = "<group>";
		};
		DD28E1B32B2BF06100F9D456 /* parser */ = {
			isa = PBXGroup;
			children = (
				DD28E1B42B2BF06D00F9D456 /* DataParser.swift */,
			);
			path = parser;
			sourceTree = "<group>";
		};
		DD28E1B62B2BF08000F9D456 /* network */ = {
			isa = PBXGroup;
			children = (
				DD28E1B72B2BF09C00F9D456 /* RequestManager.swift */,
				DD28E1B92B2BF0B200F9D456 /* APIManager.swift */,
				DD28E1BB2B2BF0C800F9D456 /* NetworkError.swift */,
			);
			path = network;
			sourceTree = "<group>";
		};
		DD28E1BD2B2BF0D300F9D456 /* request */ = {
			isa = PBXGroup;
			children = (
				DD28E1BE2B2BF0E800F9D456 /* RequestProtocol.swift */,
				DD28E1C02B2BF0FD00F9D456 /* RequestType.swift */,
				DD28E1D22B2BF5F100F9D456 /* ArticleRequest.swift */,
			);
			path = request;
			sourceTree = "<group>";
		};
		DD28E1C22B2BF18900F9D456 /* ViewModel */ = {
			isa = PBXGroup;
			children = (
				DD28E1EA2B2C098200F9D456 /* ArticleListViewModel.swift */,
			);
			path = ViewModel;
			sourceTree = "<group>";
		};
		DD28E1C62B2BF40100F9D456 /* Core */ = {
			isa = PBXGroup;
			children = (
				DD28E1C72B2BF40600F9D456 /* data */,
			);
			path = Core;
			sourceTree = "<group>";
		};
		DD28E1C72B2BF40600F9D456 /* data */ = {
			isa = PBXGroup;
			children = (
				DD28E1C82B2BF42D00F9D456 /* api */,
			);
			path = data;
			sourceTree = "<group>";
		};
		DD28E1C82B2BF42D00F9D456 /* api */ = {
			isa = PBXGroup;
			children = (
				DD28E1C92B2BF43600F9D456 /* json */,
				DD28E1CC2B2BF50A00F9D456 /* mock */,
				DD28E1D12B2BF5CF00F9D456 /* request */,
				DD28E1E12B2BFE0B00F9D456 /* ArticleRepoImplMock.swift */,
			);
			path = api;
			sourceTree = "<group>";
		};
		DD28E1C92B2BF43600F9D456 /* json */ = {
			isa = PBXGroup;
			children = (
				DD28E1E42B2C021700F9D456 /* Articles.json */,
			);
			path = json;
			sourceTree = "<group>";
		};
		DD28E1CC2B2BF50A00F9D456 /* mock */ = {
			isa = PBXGroup;
			children = (
				DD28E1CD2B2BF51C00F9D456 /* APIManagerMock.swift */,
				DD28E1CF2B2BF52700F9D456 /* RequestManagerMock.swift */,
				DD28E1F02B2C12CB00F9D456 /* ArticlesDataStoreMock.swift */,
			);
			path = mock;
			sourceTree = "<group>";
		};
		DD28E1D12B2BF5CF00F9D456 /* request */ = {
			isa = PBXGroup;
			children = (
				DD28E1D42B2BF74E00F9D456 /* ArticleRequestMock.swift */,
			);
			path = request;
			sourceTree = "<group>";
		};
		DD28E1D62B2BF81A00F9D456 /* Repo */ = {
			isa = PBXGroup;
			children = (
				DD28E1D72B2BF82500F9D456 /* ArticleRepo.swift */,
			);
			path = Repo;
			sourceTree = "<group>";
		};
		DD6D898D2B2C30880078E02E /* Detail */ = {
			isa = PBXGroup;
			children = (
				DD6D898E2B2C30A90078E02E /* ArticleDetailVC.swift */,
				DD6D89902B2C31D40078E02E /* ViewModel */,
			);
			path = Detail;
			sourceTree = "<group>";
		};
		DD6D89902B2C31D40078E02E /* ViewModel */ = {
			isa = PBXGroup;
			children = (
				DD6D89912B2C32000078E02E /* ArticleDetailVCViewModel.swift */,
				DD6D89932B2C32260078E02E /* ArticleDetailViewModel.swift */,
			);
			path = ViewModel;
			sourceTree = "<group>";
		};
/* End PBXGroup section */

/* Begin PBXNativeTarget section */
		DD28E14E2B2B7D9700F9D456 /* TechnologyAssessment */ = {
			isa = PBXNativeTarget;
			buildConfigurationList = DD28E1792B2B7D9B00F9D456 /* Build configuration list for PBXNativeTarget "TechnologyAssessment" */;
			buildPhases = (
				DD28E14B2B2B7D9700F9D456 /* Sources */,
				DD28E14C2B2B7D9700F9D456 /* Frameworks */,
				DD28E14D2B2B7D9700F9D456 /* Resources */,
			);
			buildRules = (
			);
			dependencies = (
			);
			name = TechnologyAssessment;
			packageProductDependencies = (
				DDE430BB2B2C291C00110CAE /* Kingfisher */,
			);
			productName = TechnologyAssessment;
			productReference = DD28E14F2B2B7D9700F9D456 /* TechnologyAssessment.app */;
			productType = "com.apple.product-type.application";
		};
		DD28E1642B2B7D9B00F9D456 /* TechnologyAssessmentTests */ = {
			isa = PBXNativeTarget;
			buildConfigurationList = DD28E17C2B2B7D9B00F9D456 /* Build configuration list for PBXNativeTarget "TechnologyAssessmentTests" */;
			buildPhases = (
				DD28E1612B2B7D9B00F9D456 /* Sources */,
				DD28E1622B2B7D9B00F9D456 /* Frameworks */,
				DD28E1632B2B7D9B00F9D456 /* Resources */,
			);
			buildRules = (
			);
			dependencies = (
				DD28E1672B2B7D9B00F9D456 /* PBXTargetDependency */,
			);
			name = TechnologyAssessmentTests;
			productName = TechnologyAssessmentTests;
			productReference = DD28E1652B2B7D9B00F9D456 /* TechnologyAssessmentTests.xctest */;
			productType = "com.apple.product-type.bundle.unit-test";
		};
/* End PBXNativeTarget section */

/* Begin PBXProject section */
		DD28E1472B2B7D9700F9D456 /* Project object */ = {
			isa = PBXProject;
			attributes = {
				BuildIndependentTargetsInParallel = 1;
				LastSwiftUpdateCheck = 1500;
				LastUpgradeCheck = 1500;
				TargetAttributes = {
					DD28E14E2B2B7D9700F9D456 = {
						CreatedOnToolsVersion = 15.0;
					};
					DD28E1642B2B7D9B00F9D456 = {
						CreatedOnToolsVersion = 15.0;
						TestTargetID = DD28E14E2B2B7D9700F9D456;
					};
				};
			};
			buildConfigurationList = DD28E14A2B2B7D9700F9D456 /* Build configuration list for PBXProject "TechnologyAssessment" */;
			compatibilityVersion = "Xcode 14.0";
			developmentRegion = en;
			hasScannedForEncodings = 0;
			knownRegions = (
				en,
				Base,
			);
			mainGroup = DD28E1462B2B7D9700F9D456;
			packageReferences = (
				DDE430BA2B2C291C00110CAE /* XCRemoteSwiftPackageReference "Kingfisher" */,
			);
			productRefGroup = DD28E1502B2B7D9700F9D456 /* Products */;
			projectDirPath = "";
			projectRoot = "";
			targets = (
				DD28E14E2B2B7D9700F9D456 /* TechnologyAssessment */,
				DD28E1642B2B7D9B00F9D456 /* TechnologyAssessmentTests */,
			);
		};
/* End PBXProject section */

/* Begin PBXResourcesBuildPhase section */
		DD28E14D2B2B7D9700F9D456 /* Resources */ = {
			isa = PBXResourcesBuildPhase;
			buildActionMask = 2147483647;
			files = (
				DD28E1AC2B2BEBB700F9D456 /* ArticleCell.xib in Resources */,
				DD28E15F2B2B7D9B00F9D456 /* LaunchScreen.storyboard in Resources */,
				DD28E19F2B2B9CB000F9D456 /* Article.storyboard in Resources */,
				DD28E15C2B2B7D9B00F9D456 /* Assets.xcassets in Resources */,
			);
			runOnlyForDeploymentPostprocessing = 0;
		};
		DD28E1632B2B7D9B00F9D456 /* Resources */ = {
			isa = PBXResourcesBuildPhase;
			buildActionMask = 2147483647;
			files = (
				DD28E1E52B2C021700F9D456 /* Articles.json in Resources */,
			);
			runOnlyForDeploymentPostprocessing = 0;
		};
/* End PBXResourcesBuildPhase section */

/* Begin PBXSourcesBuildPhase section */
		DD28E14B2B2B7D9700F9D456 /* Sources */ = {
			isa = PBXSourcesBuildPhase;
			buildActionMask = 2147483647;
			files = (
				DD6D89922B2C32000078E02E /* ArticleDetailVCViewModel.swift in Sources */,
				DD28E1952B2B93E900F9D456 /* Router.swift in Sources */,
				DD28E1EB2B2C098200F9D456 /* ArticleListViewModel.swift in Sources */,
				DD28E1BA2B2BF0B200F9D456 /* APIManager.swift in Sources */,
				DD28E1532B2B7D9700F9D456 /* AppDelegate.swift in Sources */,
				DD28E1A72B2B9E5D00F9D456 /* ArticleListViewCoordinator.swift in Sources */,
				DD28E1A42B2B9D9B00F9D456 /* UIStoryboard+Extension.swift in Sources */,
				DD28E1B22B2BF01F00F9D456 /* APIConstants.swift in Sources */,
				DD6D89942B2C32260078E02E /* ArticleDetailViewModel.swift in Sources */,
				DD28E1C52B2BF1BB00F9D456 /* ArticleCellViewModel.swift in Sources */,
				DD28E1BF2B2BF0E800F9D456 /* RequestProtocol.swift in Sources */,
				DD28E1AB2B2BEBB700F9D456 /* ArticleCell.swift in Sources */,
				DD28E1B52B2BF06D00F9D456 /* DataParser.swift in Sources */,
				DD28E1902B2B91D700F9D456 /* BaseCoordinator.swift in Sources */,
				DD28E1BC2B2BF0C800F9D456 /* NetworkError.swift in Sources */,
				DD28E1892B2B912D00F9D456 /* Coordinator.swift in Sources */,
				DDE430BE2B2C2ADB00110CAE /* ViewController+Extension.swift in Sources */,
				DD28E1922B2B934100F9D456 /* CoordinatorOutput.swift in Sources */,
				DD28E18C2B2B917500F9D456 /* ViewController+Coordinator.swift in Sources */,
				DD28E1972B2B9A4400F9D456 /* AppCoordinator.swift in Sources */,
				DD28E19B2B2B9C6900F9D456 /* ArticleListVC.swift in Sources */,
				DD28E18E2B2B918E00F9D456 /* Presentable.swift in Sources */,
				DD28E1A22B2B9D2800F9D456 /* ArticlesViewBuilder.swift in Sources */,
				DD28E1B82B2BF09C00F9D456 /* RequestManager.swift in Sources */,
				DD28E1D32B2BF5F100F9D456 /* ArticleRequest.swift in Sources */,
				DD28E1D82B2BF82500F9D456 /* ArticleRepo.swift in Sources */,
				DD28E1C12B2BF0FD00F9D456 /* RequestType.swift in Sources */,
				DD6D898F2B2C30A90078E02E /* ArticleDetailVC.swift in Sources */,
				DD28E1552B2B7D9700F9D456 /* SceneDelegate.swift in Sources */,
				DD28E1AF2B2BED0300F9D456 /* Article.swift in Sources */,
			);
			runOnlyForDeploymentPostprocessing = 0;
		};
		DD28E1612B2B7D9B00F9D456 /* Sources */ = {
			isa = PBXSourcesBuildPhase;
			buildActionMask = 2147483647;
			files = (
				DD28E1E62B2C024100F9D456 /* Articles.json in Sources */,
				DD28E1E02B2BFB1600F9D456 /* RepoArticleTest.swift in Sources */,
				DD28E1E72B2C05F400F9D456 /* DataParser.swift in Sources */,
				DD6D89962B2C38F90078E02E /* ArticleDetailVCViewModelTest.swift in Sources */,
				DD28E1CE2B2BF51C00F9D456 /* APIManagerMock.swift in Sources */,
				DD28E1D52B2BF74E00F9D456 /* ArticleRequestMock.swift in Sources */,
				DD28E1D02B2BF52700F9D456 /* RequestManagerMock.swift in Sources */,
				DD28E1F12B2C12CB00F9D456 /* ArticlesDataStoreMock.swift in Sources */,
				DD28E1E22B2BFE0B00F9D456 /* ArticleRepoImplMock.swift in Sources */,
				DD28E1EF2B2C0B9C00F9D456 /* ArticlesListViewModelTests.swift in Sources */,
				DD28E16A2B2B7D9B00F9D456 /* TechnologyAssessmentTests.swift in Sources */,
			);
			runOnlyForDeploymentPostprocessing = 0;
		};
/* End PBXSourcesBuildPhase section */

/* Begin PBXTargetDependency section */
		DD28E1672B2B7D9B00F9D456 /* PBXTargetDependency */ = {
			isa = PBXTargetDependency;
			target = DD28E14E2B2B7D9700F9D456 /* TechnologyAssessment */;
			targetProxy = DD28E1662B2B7D9B00F9D456 /* PBXContainerItemProxy */;
		};
/* End PBXTargetDependency section */

/* Begin PBXVariantGroup section */
		DD28E15D2B2B7D9B00F9D456 /* LaunchScreen.storyboard */ = {
			isa = PBXVariantGroup;
			children = (
				DD28E15E2B2B7D9B00F9D456 /* Base */,
			);
			name = LaunchScreen.storyboard;
			sourceTree = "<group>";
		};
/* End PBXVariantGroup section */

/* Begin XCBuildConfiguration section */
		DD28E1772B2B7D9B00F9D456 /* Debug */ = {
			isa = XCBuildConfiguration;
			buildSettings = {
				ALWAYS_SEARCH_USER_PATHS = NO;
				ASSETCATALOG_COMPILER_GENERATE_SWIFT_ASSET_SYMBOL_EXTENSIONS = YES;
				CLANG_ANALYZER_NONNULL = YES;
				CLANG_ANALYZER_NUMBER_OBJECT_CONVERSION = YES_AGGRESSIVE;
				CLANG_CXX_LANGUAGE_STANDARD = "gnu++20";
				CLANG_ENABLE_MODULES = YES;
				CLANG_ENABLE_OBJC_ARC = YES;
				CLANG_ENABLE_OBJC_WEAK = YES;
				CLANG_WARN_BLOCK_CAPTURE_AUTORELEASING = YES;
				CLANG_WARN_BOOL_CONVERSION = YES;
				CLANG_WARN_COMMA = YES;
				CLANG_WARN_CONSTANT_CONVERSION = YES;
				CLANG_WARN_DEPRECATED_OBJC_IMPLEMENTATIONS = YES;
				CLANG_WARN_DIRECT_OBJC_ISA_USAGE = YES_ERROR;
				CLANG_WARN_DOCUMENTATION_COMMENTS = YES;
				CLANG_WARN_EMPTY_BODY = YES;
				CLANG_WARN_ENUM_CONVERSION = YES;
				CLANG_WARN_INFINITE_RECURSION = YES;
				CLANG_WARN_INT_CONVERSION = YES;
				CLANG_WARN_NON_LITERAL_NULL_CONVERSION = YES;
				CLANG_WARN_OBJC_IMPLICIT_RETAIN_SELF = YES;
				CLANG_WARN_OBJC_LITERAL_CONVERSION = YES;
				CLANG_WARN_OBJC_ROOT_CLASS = YES_ERROR;
				CLANG_WARN_QUOTED_INCLUDE_IN_FRAMEWORK_HEADER = YES;
				CLANG_WARN_RANGE_LOOP_ANALYSIS = YES;
				CLANG_WARN_STRICT_PROTOTYPES = YES;
				CLANG_WARN_SUSPICIOUS_MOVE = YES;
				CLANG_WARN_UNGUARDED_AVAILABILITY = YES_AGGRESSIVE;
				CLANG_WARN_UNREACHABLE_CODE = YES;
				CLANG_WARN__DUPLICATE_METHOD_MATCH = YES;
				COPY_PHASE_STRIP = NO;
				DEBUG_INFORMATION_FORMAT = dwarf;
				ENABLE_STRICT_OBJC_MSGSEND = YES;
				ENABLE_TESTABILITY = YES;
				ENABLE_USER_SCRIPT_SANDBOXING = YES;
				GCC_C_LANGUAGE_STANDARD = gnu17;
				GCC_DYNAMIC_NO_PIC = NO;
				GCC_NO_COMMON_BLOCKS = YES;
				GCC_OPTIMIZATION_LEVEL = 0;
				GCC_PREPROCESSOR_DEFINITIONS = (
					"DEBUG=1",
					"$(inherited)",
				);
				GCC_WARN_64_TO_32_BIT_CONVERSION = YES;
				GCC_WARN_ABOUT_RETURN_TYPE = YES_ERROR;
				GCC_WARN_UNDECLARED_SELECTOR = YES;
				GCC_WARN_UNINITIALIZED_AUTOS = YES_AGGRESSIVE;
				GCC_WARN_UNUSED_FUNCTION = YES;
				GCC_WARN_UNUSED_VARIABLE = YES;
				IPHONEOS_DEPLOYMENT_TARGET = 17.0;
				LOCALIZATION_PREFERS_STRING_CATALOGS = YES;
				MTL_ENABLE_DEBUG_INFO = INCLUDE_SOURCE;
				MTL_FAST_MATH = YES;
				ONLY_ACTIVE_ARCH = YES;
				SDKROOT = iphoneos;
				SWIFT_ACTIVE_COMPILATION_CONDITIONS = "DEBUG $(inherited)";
				SWIFT_OPTIMIZATION_LEVEL = "-Onone";
			};
			name = Debug;
		};
		DD28E1782B2B7D9B00F9D456 /* Release */ = {
			isa = XCBuildConfiguration;
			buildSettings = {
				ALWAYS_SEARCH_USER_PATHS = NO;
				ASSETCATALOG_COMPILER_GENERATE_SWIFT_ASSET_SYMBOL_EXTENSIONS = YES;
				CLANG_ANALYZER_NONNULL = YES;
				CLANG_ANALYZER_NUMBER_OBJECT_CONVERSION = YES_AGGRESSIVE;
				CLANG_CXX_LANGUAGE_STANDARD = "gnu++20";
				CLANG_ENABLE_MODULES = YES;
				CLANG_ENABLE_OBJC_ARC = YES;
				CLANG_ENABLE_OBJC_WEAK = YES;
				CLANG_WARN_BLOCK_CAPTURE_AUTORELEASING = YES;
				CLANG_WARN_BOOL_CONVERSION = YES;
				CLANG_WARN_COMMA = YES;
				CLANG_WARN_CONSTANT_CONVERSION = YES;
				CLANG_WARN_DEPRECATED_OBJC_IMPLEMENTATIONS = YES;
				CLANG_WARN_DIRECT_OBJC_ISA_USAGE = YES_ERROR;
				CLANG_WARN_DOCUMENTATION_COMMENTS = YES;
				CLANG_WARN_EMPTY_BODY = YES;
				CLANG_WARN_ENUM_CONVERSION = YES;
				CLANG_WARN_INFINITE_RECURSION = YES;
				CLANG_WARN_INT_CONVERSION = YES;
				CLANG_WARN_NON_LITERAL_NULL_CONVERSION = YES;
				CLANG_WARN_OBJC_IMPLICIT_RETAIN_SELF = YES;
				CLANG_WARN_OBJC_LITERAL_CONVERSION = YES;
				CLANG_WARN_OBJC_ROOT_CLASS = YES_ERROR;
				CLANG_WARN_QUOTED_INCLUDE_IN_FRAMEWORK_HEADER = YES;
				CLANG_WARN_RANGE_LOOP_ANALYSIS = YES;
				CLANG_WARN_STRICT_PROTOTYPES = YES;
				CLANG_WARN_SUSPICIOUS_MOVE = YES;
				CLANG_WARN_UNGUARDED_AVAILABILITY = YES_AGGRESSIVE;
				CLANG_WARN_UNREACHABLE_CODE = YES;
				CLANG_WARN__DUPLICATE_METHOD_MATCH = YES;
				COPY_PHASE_STRIP = NO;
				DEBUG_INFORMATION_FORMAT = "dwarf-with-dsym";
				ENABLE_NS_ASSERTIONS = NO;
				ENABLE_STRICT_OBJC_MSGSEND = YES;
				ENABLE_USER_SCRIPT_SANDBOXING = YES;
				GCC_C_LANGUAGE_STANDARD = gnu17;
				GCC_NO_COMMON_BLOCKS = YES;
				GCC_WARN_64_TO_32_BIT_CONVERSION = YES;
				GCC_WARN_ABOUT_RETURN_TYPE = YES_ERROR;
				GCC_WARN_UNDECLARED_SELECTOR = YES;
				GCC_WARN_UNINITIALIZED_AUTOS = YES_AGGRESSIVE;
				GCC_WARN_UNUSED_FUNCTION = YES;
				GCC_WARN_UNUSED_VARIABLE = YES;
				IPHONEOS_DEPLOYMENT_TARGET = 17.0;
				LOCALIZATION_PREFERS_STRING_CATALOGS = YES;
				MTL_ENABLE_DEBUG_INFO = NO;
				MTL_FAST_MATH = YES;
				SDKROOT = iphoneos;
				SWIFT_COMPILATION_MODE = wholemodule;
				VALIDATE_PRODUCT = YES;
			};
			name = Release;
		};
		DD28E17A2B2B7D9B00F9D456 /* Debug */ = {
			isa = XCBuildConfiguration;
			buildSettings = {
				ASSETCATALOG_COMPILER_APPICON_NAME = AppIcon;
				ASSETCATALOG_COMPILER_GLOBAL_ACCENT_COLOR_NAME = AccentColor;
				CODE_SIGN_STYLE = Automatic;
				CURRENT_PROJECT_VERSION = 1;
				DEVELOPMENT_TEAM = J6ZCQ74AQR;
				GENERATE_INFOPLIST_FILE = YES;
				INFOPLIST_FILE = TechnologyAssessment/Info.plist;
				INFOPLIST_KEY_UIApplicationSupportsIndirectInputEvents = YES;
				INFOPLIST_KEY_UILaunchStoryboardName = LaunchScreen;
				INFOPLIST_KEY_UISupportedInterfaceOrientations_iPad = "UIInterfaceOrientationPortrait UIInterfaceOrientationPortraitUpsideDown UIInterfaceOrientationLandscapeLeft UIInterfaceOrientationLandscapeRight";
				INFOPLIST_KEY_UISupportedInterfaceOrientations_iPhone = "UIInterfaceOrientationPortrait UIInterfaceOrientationLandscapeLeft UIInterfaceOrientationLandscapeRight";
				LD_RUNPATH_SEARCH_PATHS = (
					"$(inherited)",
					"@executable_path/Frameworks",
				);
				MARKETING_VERSION = 1.0;
				PRODUCT_BUNDLE_IDENTIFIER = com.target.TechnologyAssessment;
				PRODUCT_NAME = "$(TARGET_NAME)";
				SUPPORTED_PLATFORMS = "iphoneos iphonesimulator";
				SUPPORTS_MACCATALYST = NO;
				SWIFT_EMIT_LOC_STRINGS = YES;
				SWIFT_VERSION = 5.0;
				TARGETED_DEVICE_FAMILY = 1;
			};
			name = Debug;
		};
		DD28E17B2B2B7D9B00F9D456 /* Release */ = {
			isa = XCBuildConfiguration;
			buildSettings = {
				ASSETCATALOG_COMPILER_APPICON_NAME = AppIcon;
				ASSETCATALOG_COMPILER_GLOBAL_ACCENT_COLOR_NAME = AccentColor;
				CODE_SIGN_STYLE = Automatic;
				CURRENT_PROJECT_VERSION = 1;
				DEVELOPMENT_TEAM = J6ZCQ74AQR;
				GENERATE_INFOPLIST_FILE = YES;
				INFOPLIST_FILE = TechnologyAssessment/Info.plist;
				INFOPLIST_KEY_UIApplicationSupportsIndirectInputEvents = YES;
				INFOPLIST_KEY_UILaunchStoryboardName = LaunchScreen;
				INFOPLIST_KEY_UISupportedInterfaceOrientations_iPad = "UIInterfaceOrientationPortrait UIInterfaceOrientationPortraitUpsideDown UIInterfaceOrientationLandscapeLeft UIInterfaceOrientationLandscapeRight";
				INFOPLIST_KEY_UISupportedInterfaceOrientations_iPhone = "UIInterfaceOrientationPortrait UIInterfaceOrientationLandscapeLeft UIInterfaceOrientationLandscapeRight";
				LD_RUNPATH_SEARCH_PATHS = (
					"$(inherited)",
					"@executable_path/Frameworks",
				);
				MARKETING_VERSION = 1.0;
				PRODUCT_BUNDLE_IDENTIFIER = com.target.TechnologyAssessment;
				PRODUCT_NAME = "$(TARGET_NAME)";
				SUPPORTED_PLATFORMS = "iphoneos iphonesimulator";
				SUPPORTS_MACCATALYST = NO;
				SWIFT_EMIT_LOC_STRINGS = YES;
				SWIFT_VERSION = 5.0;
				TARGETED_DEVICE_FAMILY = 1;
			};
			name = Release;
		};
		DD28E17D2B2B7D9B00F9D456 /* Debug */ = {
			isa = XCBuildConfiguration;
			buildSettings = {
				ALWAYS_EMBED_SWIFT_STANDARD_LIBRARIES = YES;
				BUNDLE_LOADER = "$(TEST_HOST)";
				CODE_SIGN_STYLE = Automatic;
				CURRENT_PROJECT_VERSION = 1;
				DEVELOPMENT_TEAM = J6ZCQ74AQR;
				GENERATE_INFOPLIST_FILE = YES;
				IPHONEOS_DEPLOYMENT_TARGET = 17.0;
				MARKETING_VERSION = 1.0;
				PRODUCT_BUNDLE_IDENTIFIER = com.target.TechnologyAssessmentTests;
				PRODUCT_NAME = "$(TARGET_NAME)";
				SWIFT_EMIT_LOC_STRINGS = NO;
				SWIFT_VERSION = 5.0;
				TARGETED_DEVICE_FAMILY = "1,2";
				TEST_HOST = "$(BUILT_PRODUCTS_DIR)/TechnologyAssessment.app/$(BUNDLE_EXECUTABLE_FOLDER_PATH)/TechnologyAssessment";
			};
			name = Debug;
		};
		DD28E17E2B2B7D9B00F9D456 /* Release */ = {
			isa = XCBuildConfiguration;
			buildSettings = {
				ALWAYS_EMBED_SWIFT_STANDARD_LIBRARIES = YES;
				BUNDLE_LOADER = "$(TEST_HOST)";
				CODE_SIGN_STYLE = Automatic;
				CURRENT_PROJECT_VERSION = 1;
				DEVELOPMENT_TEAM = J6ZCQ74AQR;
				GENERATE_INFOPLIST_FILE = YES;
				IPHONEOS_DEPLOYMENT_TARGET = 17.0;
				MARKETING_VERSION = 1.0;
				PRODUCT_BUNDLE_IDENTIFIER = com.target.TechnologyAssessmentTests;
				PRODUCT_NAME = "$(TARGET_NAME)";
				SWIFT_EMIT_LOC_STRINGS = NO;
				SWIFT_VERSION = 5.0;
				TARGETED_DEVICE_FAMILY = "1,2";
				TEST_HOST = "$(BUILT_PRODUCTS_DIR)/TechnologyAssessment.app/$(BUNDLE_EXECUTABLE_FOLDER_PATH)/TechnologyAssessment";
			};
			name = Release;
		};
/* End XCBuildConfiguration section */

/* Begin XCConfigurationList section */
		DD28E14A2B2B7D9700F9D456 /* Build configuration list for PBXProject "TechnologyAssessment" */ = {
			isa = XCConfigurationList;
			buildConfigurations = (
				DD28E1772B2B7D9B00F9D456 /* Debug */,
				DD28E1782B2B7D9B00F9D456 /* Release */,
			);
			defaultConfigurationIsVisible = 0;
			defaultConfigurationName = Release;
		};
		DD28E1792B2B7D9B00F9D456 /* Build configuration list for PBXNativeTarget "TechnologyAssessment" */ = {
			isa = XCConfigurationList;
			buildConfigurations = (
				DD28E17A2B2B7D9B00F9D456 /* Debug */,
				DD28E17B2B2B7D9B00F9D456 /* Release */,
			);
			defaultConfigurationIsVisible = 0;
			defaultConfigurationName = Release;
		};
		DD28E17C2B2B7D9B00F9D456 /* Build configuration list for PBXNativeTarget "TechnologyAssessmentTests" */ = {
			isa = XCConfigurationList;
			buildConfigurations = (
				DD28E17D2B2B7D9B00F9D456 /* Debug */,
				DD28E17E2B2B7D9B00F9D456 /* Release */,
			);
			defaultConfigurationIsVisible = 0;
			defaultConfigurationName = Release;
		};
/* End XCConfigurationList section */

/* Begin XCRemoteSwiftPackageReference section */
		DDE430BA2B2C291C00110CAE /* XCRemoteSwiftPackageReference "Kingfisher" */ = {
			isa = XCRemoteSwiftPackageReference;
			repositoryURL = "https://github.com/onevcat/Kingfisher.git";
			requirement = {
				kind = upToNextMajorVersion;
				minimumVersion = 7.10.1;
			};
		};
/* End XCRemoteSwiftPackageReference section */

/* Begin XCSwiftPackageProductDependency section */
		DDE430BB2B2C291C00110CAE /* Kingfisher */ = {
			isa = XCSwiftPackageProductDependency;
			package = DDE430BA2B2C291C00110CAE /* XCRemoteSwiftPackageReference "Kingfisher" */;
			productName = Kingfisher;
		};
/* End XCSwiftPackageProductDependency section */
	};
	rootObject = DD28E1472B2B7D9700F9D456 /* Project object */;
}
