// !$*UTF8*$!
{
	archiveVersion = 1;
	classes = {
	};
	objectVersion = 56;
	objects = {

/* Begin PBXBuildFile section */
		DD28E1532B2B7D9700F9D456 /* AppDelegate.swift in Sources */ = {isa = PBXBuildFile; fileRef = DD28E1522B2B7D9700F9D456 /* AppDelegate.swift */; };
		DD28E1552B2B7D9700F9D456 /* SceneDelegate.swift in Sources */ = {isa = PBXBuildFile; fileRef = DD28E1542B2B7D9700F9D456 /* SceneDelegate.swift */; };
		DD28E15C2B2B7D9B00F9D456 /* Assets.xcassets in Resources */ = {isa = PBXBuildFile; fileRef = DD28E15B2B2B7D9B00F9D456 /* Assets.xcassets */; };
		DD28E15F2B2B7D9B00F9D456 /* LaunchScreen.storyboard in Resources */ = {isa = PBXBuildFile; fileRef = DD28E15D2B2B7D9B00F9D456 /* LaunchScreen.storyboard */; };
		DD28E16A2B2B7D9B00F9D456 /* TechnologyAssessmentTests.swift in Sources */ = {isa = PBXBuildFile; fileRef = DD28E1692B2B7D9B00F9D456 /* TechnologyAssessmentTests.swift */; };
		DD28E1742B2B7D9B00F9D456 /* TechnologyAssessmentUITests.swift in Sources */ = {isa = PBXBuildFile; fileRef = DD28E1732B2B7D9B00F9D456 /* TechnologyAssessmentUITests.swift */; };
		DD28E1762B2B7D9B00F9D456 /* TechnologyAssessmentUITestsLaunchTests.swift in Sources */ = {isa = PBXBuildFile; fileRef = DD28E1752B2B7D9B00F9D456 /* TechnologyAssessmentUITestsLaunchTests.swift */; };
		DD28E1892B2B912D00F9D456 /* Coordinator.swift in Sources */ = {isa = PBXBuildFile; fileRef = DD28E1882B2B912D00F9D456 /* Coordinator.swift */; };
		DD28E18C2B2B917500F9D456 /* ViewController+Coordinator.swift in Sources */ = {isa = PBXBuildFile; fileRef = DD28E18B2B2B917500F9D456 /* ViewController+Coordinator.swift */; };
		DD28E18E2B2B918E00F9D456 /* Presentable.swift in Sources */ = {isa = PBXBuildFile; fileRef = DD28E18D2B2B918E00F9D456 /* Presentable.swift */; };
		DD28E1902B2B91D700F9D456 /* BaseCoordinator.swift in Sources */ = {isa = PBXBuildFile; fileRef = DD28E18F2B2B91D700F9D456 /* BaseCoordinator.swift */; };
		DD28E1922B2B934100F9D456 /* CoordinatorOutput.swift in Sources */ = {isa = PBXBuildFile; fileRef = DD28E1912B2B934100F9D456 /* CoordinatorOutput.swift */; };
		DD28E1952B2B93E900F9D456 /* Router.swift in Sources */ = {isa = PBXBuildFile; fileRef = DD28E1942B2B93E900F9D456 /* Router.swift */; };
		DD28E1972B2B9A4400F9D456 /* AppCoordinator.swift in Sources */ = {isa = PBXBuildFile; fileRef = DD28E1962B2B9A4400F9D456 /* AppCoordinator.swift */; };
		DD28E19B2B2B9C6900F9D456 /* ArticleListVC.swift in Sources */ = {isa = PBXBuildFile; fileRef = DD28E19A2B2B9C6900F9D456 /* ArticleListVC.swift */; };
		DD28E19F2B2B9CB000F9D456 /* Article.storyboard in Resources */ = {isa = PBXBuildFile; fileRef = DD28E19E2B2B9CB000F9D456 /* Article.storyboard */; };
		DD28E1A22B2B9D2800F9D456 /* ArticlesViewBuilder.swift in Sources */ = {isa = PBXBuildFile; fileRef = DD28E1A12B2B9D2800F9D456 /* ArticlesViewBuilder.swift */; };
		DD28E1A42B2B9D9B00F9D456 /* UIStoryboard+Extension.swift in Sources */ = {isa = PBXBuildFile; fileRef = DD28E1A32B2B9D9B00F9D456 /* UIStoryboard+Extension.swift */; };
		DD28E1A72B2B9E5D00F9D456 /* ArticleListViewCoordinator.swift in Sources */ = {isa = PBXBuildFile; fileRef = DD28E1A62B2B9E5D00F9D456 /* ArticleListViewCoordinator.swift */; };
		DD28E1AB2B2BEBB700F9D456 /* ArticleCell.swift in Sources */ = {isa = PBXBuildFile; fileRef = DD28E1A92B2BEBB700F9D456 /* ArticleCell.swift */; };
		DD28E1AC2B2BEBB700F9D456 /* ArticleCell.xib in Resources */ = {isa = PBXBuildFile; fileRef = DD28E1AA2B2BEBB700F9D456 /* ArticleCell.xib */; };
		DD28E1AF2B2BED0300F9D456 /* Article.swift in Sources */ = {isa = PBXBuildFile; fileRef = DD28E1AE2B2BED0300F9D456 /* Article.swift */; };
/* End PBXBuildFile section */

/* Begin PBXContainerItemProxy section */
		DD28E1662B2B7D9B00F9D456 /* PBXContainerItemProxy */ = {
			isa = PBXContainerItemProxy;
			containerPortal = DD28E1472B2B7D9700F9D456 /* Project object */;
			proxyType = 1;
			remoteGlobalIDString = DD28E14E2B2B7D9700F9D456;
			remoteInfo = TechnologyAssessment;
		};
		DD28E1702B2B7D9B00F9D456 /* PBXContainerItemProxy */ = {
			isa = PBXContainerItemProxy;
			containerPortal = DD28E1472B2B7D9700F9D456 /* Project object */;
			proxyType = 1;
			remoteGlobalIDString = DD28E14E2B2B7D9700F9D456;
			remoteInfo = TechnologyAssessment;
		};
/* End PBXContainerItemProxy section */

/* Begin PBXFileReference section */
		DD28E14F2B2B7D9700F9D456 /* TechnologyAssessment.app */ = {isa = PBXFileReference; explicitFileType = wrapper.application; includeInIndex = 0; path = TechnologyAssessment.app; sourceTree = BUILT_PRODUCTS_DIR; };
		DD28E1522B2B7D9700F9D456 /* AppDelegate.swift */ = {isa = PBXFileReference; lastKnownFileType = sourcecode.swift; path = AppDelegate.swift; sourceTree = "<group>"; };
		DD28E1542B2B7D9700F9D456 /* SceneDelegate.swift */ = {isa = PBXFileReference; lastKnownFileType = sourcecode.swift; path = SceneDelegate.swift; sourceTree = "<group>"; };
		DD28E15B2B2B7D9B00F9D456 /* Assets.xcassets */ = {isa = PBXFileReference; lastKnownFileType = folder.assetcatalog; path = Assets.xcassets; sourceTree = "<group>"; };
		DD28E15E2B2B7D9B00F9D456 /* Base */ = {isa = PBXFileReference; lastKnownFileType = file.storyboard; name = Base; path = Base.lproj/LaunchScreen.storyboard; sourceTree = "<group>"; };
		DD28E1602B2B7D9B00F9D456 /* Info.plist */ = {isa = PBXFileReference; lastKnownFileType = text.plist.xml; path = Info.plist; sourceTree = "<group>"; };
		DD28E1652B2B7D9B00F9D456 /* TechnologyAssessmentTests.xctest */ = {isa = PBXFileReference; explicitFileType = wrapper.cfbundle; includeInIndex = 0; path = TechnologyAssessmentTests.xctest; sourceTree = BUILT_PRODUCTS_DIR; };
		DD28E1692B2B7D9B00F9D456 /* TechnologyAssessmentTests.swift */ = {isa = PBXFileReference; lastKnownFileType = sourcecode.swift; path = TechnologyAssessmentTests.swift; sourceTree = "<group>"; };
		DD28E16F2B2B7D9B00F9D456 /* TechnologyAssessmentUITests.xctest */ = {isa = PBXFileReference; explicitFileType = wrapper.cfbundle; includeInIndex = 0; path = TechnologyAssessmentUITests.xctest; sourceTree = BUILT_PRODUCTS_DIR; };
		DD28E1732B2B7D9B00F9D456 /* TechnologyAssessmentUITests.swift */ = {isa = PBXFileReference; lastKnownFileType = sourcecode.swift; path = TechnologyAssessmentUITests.swift; sourceTree = "<group>"; };
		DD28E1752B2B7D9B00F9D456 /* TechnologyAssessmentUITestsLaunchTests.swift */ = {isa = PBXFileReference; lastKnownFileType = sourcecode.swift; path = TechnologyAssessmentUITestsLaunchTests.swift; sourceTree = "<group>"; };
		DD28E1882B2B912D00F9D456 /* Coordinator.swift */ = {isa = PBXFileReference; lastKnownFileType = sourcecode.swift; path = Coordinator.swift; sourceTree = "<group>"; };
		DD28E18B2B2B917500F9D456 /* ViewController+Coordinator.swift */ = {isa = PBXFileReference; lastKnownFileType = sourcecode.swift; path = "ViewController+Coordinator.swift"; sourceTree = "<group>"; };
		DD28E18D2B2B918E00F9D456 /* Presentable.swift */ = {isa = PBXFileReference; lastKnownFileType = sourcecode.swift; path = Presentable.swift; sourceTree = "<group>"; };
		DD28E18F2B2B91D700F9D456 /* BaseCoordinator.swift */ = {isa = PBXFileReference; lastKnownFileType = sourcecode.swift; path = BaseCoordinator.swift; sourceTree = "<group>"; };
		DD28E1912B2B934100F9D456 /* CoordinatorOutput.swift */ = {isa = PBXFileReference; lastKnownFileType = sourcecode.swift; path = CoordinatorOutput.swift; sourceTree = "<group>"; };
		DD28E1942B2B93E900F9D456 /* Router.swift */ = {isa = PBXFileReference; lastKnownFileType = sourcecode.swift; path = Router.swift; sourceTree = "<group>"; };
		DD28E1962B2B9A4400F9D456 /* AppCoordinator.swift */ = {isa = PBXFileReference; lastKnownFileType = sourcecode.swift; path = AppCoordinator.swift; sourceTree = "<group>"; };
		DD28E19A2B2B9C6900F9D456 /* ArticleListVC.swift */ = {isa = PBXFileReference; lastKnownFileType = sourcecode.swift; path = ArticleListVC.swift; sourceTree = "<group>"; };
		DD28E19E2B2B9CB000F9D456 /* Article.storyboard */ = {isa = PBXFileReference; lastKnownFileType = file.storyboard; path = Article.storyboard; sourceTree = "<group>"; };
		DD28E1A12B2B9D2800F9D456 /* ArticlesViewBuilder.swift */ = {isa = PBXFileReference; lastKnownFileType = sourcecode.swift; path = ArticlesViewBuilder.swift; sourceTree = "<group>"; };
		DD28E1A32B2B9D9B00F9D456 /* UIStoryboard+Extension.swift */ = {isa = PBXFileReference; lastKnownFileType = sourcecode.swift; path = "UIStoryboard+Extension.swift"; sourceTree = "<group>"; };
		DD28E1A62B2B9E5D00F9D456 /* ArticleListViewCoordinator.swift */ = {isa = PBXFileReference; lastKnownFileType = sourcecode.swift; path = ArticleListViewCoordinator.swift; sourceTree = "<group>"; };
		DD28E1A92B2BEBB700F9D456 /* ArticleCell.swift */ = {isa = PBXFileReference; lastKnownFileType = sourcecode.swift; path = ArticleCell.swift; sourceTree = "<group>"; };
		DD28E1AA2B2BEBB700F9D456 /* ArticleCell.xib */ = {isa = PBXFileReference; lastKnownFileType = file.xib; path = ArticleCell.xib; sourceTree = "<group>"; };
		DD28E1AE2B2BED0300F9D456 /* Article.swift */ = {isa = PBXFileReference; lastKnownFileType = sourcecode.swift; path = Article.swift; sourceTree = "<group>"; };
/* End PBXFileReference section */

/* Begin PBXFrameworksBuildPhase section */
		DD28E14C2B2B7D9700F9D456 /* Frameworks */ = {
			isa = PBXFrameworksBuildPhase;
			buildActionMask = 2147483647;
			files = (
			);
			runOnlyForDeploymentPostprocessing = 0;
		};
		DD28E1622B2B7D9B00F9D456 /* Frameworks */ = {
			isa = PBXFrameworksBuildPhase;
			buildActionMask = 2147483647;
			files = (
			);
			runOnlyForDeploymentPostprocessing = 0;
		};
		DD28E16C2B2B7D9B00F9D456 /* Frameworks */ = {
			isa = PBXFrameworksBuildPhase;
			buildActionMask = 2147483647;
			files = (
			);
			runOnlyForDeploymentPostprocessing = 0;
		};
/* End PBXFrameworksBuildPhase section */

/* Begin PBXGroup section */
		DD28E1462B2B7D9700F9D456 = {
			isa = PBXGroup;
			children = (
				DD28E1512B2B7D9700F9D456 /* TechnologyAssessment */,
				DD28E1682B2B7D9B00F9D456 /* TechnologyAssessmentTests */,
				DD28E1722B2B7D9B00F9D456 /* TechnologyAssessmentUITests */,
				DD28E1502B2B7D9700F9D456 /* Products */,
			);
			sourceTree = "<group>";
		};
		DD28E1502B2B7D9700F9D456 /* Products */ = {
			isa = PBXGroup;
			children = (
				DD28E14F2B2B7D9700F9D456 /* TechnologyAssessment.app */,
				DD28E1652B2B7D9B00F9D456 /* TechnologyAssessmentTests.xctest */,
				DD28E16F2B2B7D9B00F9D456 /* TechnologyAssessmentUITests.xctest */,
			);
			name = Products;
			sourceTree = "<group>";
		};
		DD28E1512B2B7D9700F9D456 /* TechnologyAssessment */ = {
			isa = PBXGroup;
			children = (
				DD28E1822B2B80AA00F9D456 /* Startup */,
				DD28E1832B2B84C000F9D456 /* Core */,
				DD28E1982B2B9C1900F9D456 /* Features */,
				DD28E15B2B2B7D9B00F9D456 /* Assets.xcassets */,
				DD28E15D2B2B7D9B00F9D456 /* LaunchScreen.storyboard */,
				DD28E1602B2B7D9B00F9D456 /* Info.plist */,
			);
			path = TechnologyAssessment;
			sourceTree = "<group>";
		};
		DD28E1682B2B7D9B00F9D456 /* TechnologyAssessmentTests */ = {
			isa = PBXGroup;
			children = (
				DD28E1692B2B7D9B00F9D456 /* TechnologyAssessmentTests.swift */,
			);
			path = TechnologyAssessmentTests;
			sourceTree = "<group>";
		};
		DD28E1722B2B7D9B00F9D456 /* TechnologyAssessmentUITests */ = {
			isa = PBXGroup;
			children = (
				DD28E1732B2B7D9B00F9D456 /* TechnologyAssessmentUITests.swift */,
				DD28E1752B2B7D9B00F9D456 /* TechnologyAssessmentUITestsLaunchTests.swift */,
			);
			path = TechnologyAssessmentUITests;
			sourceTree = "<group>";
		};
		DD28E1822B2B80AA00F9D456 /* Startup */ = {
			isa = PBXGroup;
			children = (
				DD28E1522B2B7D9700F9D456 /* AppDelegate.swift */,
				DD28E1542B2B7D9700F9D456 /* SceneDelegate.swift */,
				DD28E1962B2B9A4400F9D456 /* AppCoordinator.swift */,
			);
			path = Startup;
			sourceTree = "<group>";
		};
		DD28E1832B2B84C000F9D456 /* Core */ = {
			isa = PBXGroup;
			children = (
				DD28E1842B2B84CD00F9D456 /* data */,
				DD28E1852B2B84D200F9D456 /* domain */,
			);
			path = Core;
			sourceTree = "<group>";
		};
		DD28E1842B2B84CD00F9D456 /* data */ = {
			isa = PBXGroup;
			children = (
			);
			path = data;
			sourceTree = "<group>";
		};
		DD28E1852B2B84D200F9D456 /* domain */ = {
			isa = PBXGroup;
			children = (
				DD28E1AD2B2BECEC00F9D456 /* models */,
				DD28E1862B2B84ED00F9D456 /* common */,
			);
			path = domain;
			sourceTree = "<group>";
		};
		DD28E1862B2B84ED00F9D456 /* common */ = {
			isa = PBXGroup;
			children = (
				DD28E1872B2B84F700F9D456 /* coordinator */,
				DD28E1932B2B93D500F9D456 /* router */,
				DD28E18A2B2B916400F9D456 /* extensions */,
			);
			path = common;
			sourceTree = "<group>";
		};
		DD28E1872B2B84F700F9D456 /* coordinator */ = {
			isa = PBXGroup;
			children = (
				DD28E1882B2B912D00F9D456 /* Coordinator.swift */,
				DD28E18F2B2B91D700F9D456 /* BaseCoordinator.swift */,
				DD28E18D2B2B918E00F9D456 /* Presentable.swift */,
				DD28E1912B2B934100F9D456 /* CoordinatorOutput.swift */,
			);
			path = coordinator;
			sourceTree = "<group>";
		};
		DD28E18A2B2B916400F9D456 /* extensions */ = {
			isa = PBXGroup;
			children = (
				DD28E18B2B2B917500F9D456 /* ViewController+Coordinator.swift */,
				DD28E1A32B2B9D9B00F9D456 /* UIStoryboard+Extension.swift */,
			);
			path = extensions;
			sourceTree = "<group>";
		};
		DD28E1932B2B93D500F9D456 /* router */ = {
			isa = PBXGroup;
			children = (
				DD28E1942B2B93E900F9D456 /* Router.swift */,
			);
			path = router;
			sourceTree = "<group>";
		};
		DD28E1982B2B9C1900F9D456 /* Features */ = {
			isa = PBXGroup;
			children = (
				DD28E1992B2B9C3000F9D456 /* Article */,
			);
			path = Features;
			sourceTree = "<group>";
		};
		DD28E1992B2B9C3000F9D456 /* Article */ = {
			isa = PBXGroup;
			children = (
				DD28E1A52B2B9E3C00F9D456 /* Coordinators */,
				DD28E1A02B2B9CFB00F9D456 /* Builder */,
				DD28E19C2B2B9C9400F9D456 /* ArticleList */,
				DD28E19D2B2B9CA000F9D456 /* View */,
			);
			path = Article;
			sourceTree = "<group>";
		};
		DD28E19C2B2B9C9400F9D456 /* ArticleList */ = {
			isa = PBXGroup;
			children = (
				DD28E19A2B2B9C6900F9D456 /* ArticleListVC.swift */,
				DD28E1A82B2BEB8400F9D456 /* Cell */,
			);
			path = ArticleList;
			sourceTree = "<group>";
		};
		DD28E19D2B2B9CA000F9D456 /* View */ = {
			isa = PBXGroup;
			children = (
				DD28E19E2B2B9CB000F9D456 /* Article.storyboard */,
			);
			path = View;
			sourceTree = "<group>";
		};
		DD28E1A02B2B9CFB00F9D456 /* Builder */ = {
			isa = PBXGroup;
			children = (
				DD28E1A12B2B9D2800F9D456 /* ArticlesViewBuilder.swift */,
			);
			path = Builder;
			sourceTree = "<group>";
		};
		DD28E1A52B2B9E3C00F9D456 /* Coordinators */ = {
			isa = PBXGroup;
			children = (
				DD28E1A62B2B9E5D00F9D456 /* ArticleListViewCoordinator.swift */,
			);
			path = Coordinators;
			sourceTree = "<group>";
		};
		DD28E1A82B2BEB8400F9D456 /* Cell */ = {
			isa = PBXGroup;
			children = (
				DD28E1A92B2BEBB700F9D456 /* ArticleCell.swift */,
				DD28E1AA2B2BEBB700F9D456 /* ArticleCell.xib */,
			);
			path = Cell;
			sourceTree = "<group>";
		};
		DD28E1AD2B2BECEC00F9D456 /* models */ = {
			isa = PBXGroup;
			children = (
				DD28E1AE2B2BED0300F9D456 /* Article.swift */,
			);
			path = models;
			sourceTree = "<group>";
		};
/* End PBXGroup section */

/* Begin PBXNativeTarget section */
		DD28E14E2B2B7D9700F9D456 /* TechnologyAssessment */ = {
			isa = PBXNativeTarget;
			buildConfigurationList = DD28E1792B2B7D9B00F9D456 /* Build configuration list for PBXNativeTarget "TechnologyAssessment" */;
			buildPhases = (
				DD28E14B2B2B7D9700F9D456 /* Sources */,
				DD28E14C2B2B7D9700F9D456 /* Frameworks */,
				DD28E14D2B2B7D9700F9D456 /* Resources */,
			);
			buildRules = (
			);
			dependencies = (
			);
			name = TechnologyAssessment;
			productName = TechnologyAssessment;
			productReference = DD28E14F2B2B7D9700F9D456 /* TechnologyAssessment.app */;
			productType = "com.apple.product-type.application";
		};
		DD28E1642B2B7D9B00F9D456 /* TechnologyAssessmentTests */ = {
			isa = PBXNativeTarget;
			buildConfigurationList = DD28E17C2B2B7D9B00F9D456 /* Build configuration list for PBXNativeTarget "TechnologyAssessmentTests" */;
			buildPhases = (
				DD28E1612B2B7D9B00F9D456 /* Sources */,
				DD28E1622B2B7D9B00F9D456 /* Frameworks */,
				DD28E1632B2B7D9B00F9D456 /* Resources */,
			);
			buildRules = (
			);
			dependencies = (
				DD28E1672B2B7D9B00F9D456 /* PBXTargetDependency */,
			);
			name = TechnologyAssessmentTests;
			productName = TechnologyAssessmentTests;
			productReference = DD28E1652B2B7D9B00F9D456 /* TechnologyAssessmentTests.xctest */;
			productType = "com.apple.product-type.bundle.unit-test";
		};
		DD28E16E2B2B7D9B00F9D456 /* TechnologyAssessmentUITests */ = {
			isa = PBXNativeTarget;
			buildConfigurationList = DD28E17F2B2B7D9B00F9D456 /* Build configuration list for PBXNativeTarget "TechnologyAssessmentUITests" */;
			buildPhases = (
				DD28E16B2B2B7D9B00F9D456 /* Sources */,
				DD28E16C2B2B7D9B00F9D456 /* Frameworks */,
				DD28E16D2B2B7D9B00F9D456 /* Resources */,
			);
			buildRules = (
			);
			dependencies = (
				DD28E1712B2B7D9B00F9D456 /* PBXTargetDependency */,
			);
			name = TechnologyAssessmentUITests;
			productName = TechnologyAssessmentUITests;
			productReference = DD28E16F2B2B7D9B00F9D456 /* TechnologyAssessmentUITests.xctest */;
			productType = "com.apple.product-type.bundle.ui-testing";
		};
/* End PBXNativeTarget section */

/* Begin PBXProject section */
		DD28E1472B2B7D9700F9D456 /* Project object */ = {
			isa = PBXProject;
			attributes = {
				BuildIndependentTargetsInParallel = 1;
				LastSwiftUpdateCheck = 1500;
				LastUpgradeCheck = 1500;
				TargetAttributes = {
					DD28E14E2B2B7D9700F9D456 = {
						CreatedOnToolsVersion = 15.0;
					};
					DD28E1642B2B7D9B00F9D456 = {
						CreatedOnToolsVersion = 15.0;
						TestTargetID = DD28E14E2B2B7D9700F9D456;
					};
					DD28E16E2B2B7D9B00F9D456 = {
						CreatedOnToolsVersion = 15.0;
						TestTargetID = DD28E14E2B2B7D9700F9D456;
					};
				};
			};
			buildConfigurationList = DD28E14A2B2B7D9700F9D456 /* Build configuration list for PBXProject "TechnologyAssessment" */;
			compatibilityVersion = "Xcode 14.0";
			developmentRegion = en;
			hasScannedForEncodings = 0;
			knownRegions = (
				en,
				Base,
			);
			mainGroup = DD28E1462B2B7D9700F9D456;
			productRefGroup = DD28E1502B2B7D9700F9D456 /* Products */;
			projectDirPath = "";
			projectRoot = "";
			targets = (
				DD28E14E2B2B7D9700F9D456 /* TechnologyAssessment */,
				DD28E1642B2B7D9B00F9D456 /* TechnologyAssessmentTests */,
				DD28E16E2B2B7D9B00F9D456 /* TechnologyAssessmentUITests */,
			);
		};
/* End PBXProject section */

/* Begin PBXResourcesBuildPhase section */
		DD28E14D2B2B7D9700F9D456 /* Resources */ = {
			isa = PBXResourcesBuildPhase;
			buildActionMask = 2147483647;
			files = (
				DD28E1AC2B2BEBB700F9D456 /* ArticleCell.xib in Resources */,
				DD28E15F2B2B7D9B00F9D456 /* LaunchScreen.storyboard in Resources */,
				DD28E19F2B2B9CB000F9D456 /* Article.storyboard in Resources */,
				DD28E15C2B2B7D9B00F9D456 /* Assets.xcassets in Resources */,
			);
			runOnlyForDeploymentPostprocessing = 0;
		};
		DD28E1632B2B7D9B00F9D456 /* Resources */ = {
			isa = PBXResourcesBuildPhase;
			buildActionMask = 2147483647;
			files = (
			);
			runOnlyForDeploymentPostprocessing = 0;
		};
		DD28E16D2B2B7D9B00F9D456 /* Resources */ = {
			isa = PBXResourcesBuildPhase;
			buildActionMask = 2147483647;
			files = (
			);
			runOnlyForDeploymentPostprocessing = 0;
		};
/* End PBXResourcesBuildPhase section */

/* Begin PBXSourcesBuildPhase section */
		DD28E14B2B2B7D9700F9D456 /* Sources */ = {
			isa = PBXSourcesBuildPhase;
			buildActionMask = 2147483647;
			files = (
				DD28E1952B2B93E900F9D456 /* Router.swift in Sources */,
				DD28E1532B2B7D9700F9D456 /* AppDelegate.swift in Sources */,
				DD28E1A72B2B9E5D00F9D456 /* ArticleListViewCoordinator.swift in Sources */,
				DD28E1A42B2B9D9B00F9D456 /* UIStoryboard+Extension.swift in Sources */,
				DD28E1AB2B2BEBB700F9D456 /* ArticleCell.swift in Sources */,
				DD28E1902B2B91D700F9D456 /* BaseCoordinator.swift in Sources */,
				DD28E1892B2B912D00F9D456 /* Coordinator.swift in Sources */,
				DD28E1922B2B934100F9D456 /* CoordinatorOutput.swift in Sources */,
				DD28E18C2B2B917500F9D456 /* ViewController+Coordinator.swift in Sources */,
				DD28E1972B2B9A4400F9D456 /* AppCoordinator.swift in Sources */,
				DD28E19B2B2B9C6900F9D456 /* ArticleListVC.swift in Sources */,
				DD28E18E2B2B918E00F9D456 /* Presentable.swift in Sources */,
				DD28E1A22B2B9D2800F9D456 /* ArticlesViewBuilder.swift in Sources */,
				DD28E1552B2B7D9700F9D456 /* SceneDelegate.swift in Sources */,
				DD28E1AF2B2BED0300F9D456 /* Article.swift in Sources */,
			);
			runOnlyForDeploymentPostprocessing = 0;
		};
		DD28E1612B2B7D9B00F9D456 /* Sources */ = {
			isa = PBXSourcesBuildPhase;
			buildActionMask = 2147483647;
			files = (
				DD28E16A2B2B7D9B00F9D456 /* TechnologyAssessmentTests.swift in Sources */,
			);
			runOnlyForDeploymentPostprocessing = 0;
		};
		DD28E16B2B2B7D9B00F9D456 /* Sources */ = {
			isa = PBXSourcesBuildPhase;
			buildActionMask = 2147483647;
			files = (
				DD28E1762B2B7D9B00F9D456 /* TechnologyAssessmentUITestsLaunchTests.swift in Sources */,
				DD28E1742B2B7D9B00F9D456 /* TechnologyAssessmentUITests.swift in Sources */,
			);
			runOnlyForDeploymentPostprocessing = 0;
		};
/* End PBXSourcesBuildPhase section */

/* Begin PBXTargetDependency section */
		DD28E1672B2B7D9B00F9D456 /* PBXTargetDependency */ = {
			isa = PBXTargetDependency;
			target = DD28E14E2B2B7D9700F9D456 /* TechnologyAssessment */;
			targetProxy = DD28E1662B2B7D9B00F9D456 /* PBXContainerItemProxy */;
		};
		DD28E1712B2B7D9B00F9D456 /* PBXTargetDependency */ = {
			isa = PBXTargetDependency;
			target = DD28E14E2B2B7D9700F9D456 /* TechnologyAssessment */;
			targetProxy = DD28E1702B2B7D9B00F9D456 /* PBXContainerItemProxy */;
		};
/* End PBXTargetDependency section */

/* Begin PBXVariantGroup section */
		DD28E15D2B2B7D9B00F9D456 /* LaunchScreen.storyboard */ = {
			isa = PBXVariantGroup;
			children = (
				DD28E15E2B2B7D9B00F9D456 /* Base */,
			);
			name = LaunchScreen.storyboard;
			sourceTree = "<group>";
		};
/* End PBXVariantGroup section */

/* Begin XCBuildConfiguration section */
		DD28E1772B2B7D9B00F9D456 /* Debug */ = {
			isa = XCBuildConfiguration;
			buildSettings = {
				ALWAYS_SEARCH_USER_PATHS = NO;
				ASSETCATALOG_COMPILER_GENERATE_SWIFT_ASSET_SYMBOL_EXTENSIONS = YES;
				CLANG_ANALYZER_NONNULL = YES;
				CLANG_ANALYZER_NUMBER_OBJECT_CONVERSION = YES_AGGRESSIVE;
				CLANG_CXX_LANGUAGE_STANDARD = "gnu++20";
				CLANG_ENABLE_MODULES = YES;
				CLANG_ENABLE_OBJC_ARC = YES;
				CLANG_ENABLE_OBJC_WEAK = YES;
				CLANG_WARN_BLOCK_CAPTURE_AUTORELEASING = YES;
				CLANG_WARN_BOOL_CONVERSION = YES;
				CLANG_WARN_COMMA = YES;
				CLANG_WARN_CONSTANT_CONVERSION = YES;
				CLANG_WARN_DEPRECATED_OBJC_IMPLEMENTATIONS = YES;
				CLANG_WARN_DIRECT_OBJC_ISA_USAGE = YES_ERROR;
				CLANG_WARN_DOCUMENTATION_COMMENTS = YES;
				CLANG_WARN_EMPTY_BODY = YES;
				CLANG_WARN_ENUM_CONVERSION = YES;
				CLANG_WARN_INFINITE_RECURSION = YES;
				CLANG_WARN_INT_CONVERSION = YES;
				CLANG_WARN_NON_LITERAL_NULL_CONVERSION = YES;
				CLANG_WARN_OBJC_IMPLICIT_RETAIN_SELF = YES;
				CLANG_WARN_OBJC_LITERAL_CONVERSION = YES;
				CLANG_WARN_OBJC_ROOT_CLASS = YES_ERROR;
				CLANG_WARN_QUOTED_INCLUDE_IN_FRAMEWORK_HEADER = YES;
				CLANG_WARN_RANGE_LOOP_ANALYSIS = YES;
				CLANG_WARN_STRICT_PROTOTYPES = YES;
				CLANG_WARN_SUSPICIOUS_MOVE = YES;
				CLANG_WARN_UNGUARDED_AVAILABILITY = YES_AGGRESSIVE;
				CLANG_WARN_UNREACHABLE_CODE = YES;
				CLANG_WARN__DUPLICATE_METHOD_MATCH = YES;
				COPY_PHASE_STRIP = NO;
				DEBUG_INFORMATION_FORMAT = dwarf;
				ENABLE_STRICT_OBJC_MSGSEND = YES;
				ENABLE_TESTABILITY = YES;
				ENABLE_USER_SCRIPT_SANDBOXING = YES;
				GCC_C_LANGUAGE_STANDARD = gnu17;
				GCC_DYNAMIC_NO_PIC = NO;
				GCC_NO_COMMON_BLOCKS = YES;
				GCC_OPTIMIZATION_LEVEL = 0;
				GCC_PREPROCESSOR_DEFINITIONS = (
					"DEBUG=1",
					"$(inherited)",
				);
				GCC_WARN_64_TO_32_BIT_CONVERSION = YES;
				GCC_WARN_ABOUT_RETURN_TYPE = YES_ERROR;
				GCC_WARN_UNDECLARED_SELECTOR = YES;
				GCC_WARN_UNINITIALIZED_AUTOS = YES_AGGRESSIVE;
				GCC_WARN_UNUSED_FUNCTION = YES;
				GCC_WARN_UNUSED_VARIABLE = YES;
				IPHONEOS_DEPLOYMENT_TARGET = 17.0;
				LOCALIZATION_PREFERS_STRING_CATALOGS = YES;
				MTL_ENABLE_DEBUG_INFO = INCLUDE_SOURCE;
				MTL_FAST_MATH = YES;
				ONLY_ACTIVE_ARCH = YES;
				SDKROOT = iphoneos;
				SWIFT_ACTIVE_COMPILATION_CONDITIONS = "DEBUG $(inherited)";
				SWIFT_OPTIMIZATION_LEVEL = "-Onone";
			};
			name = Debug;
		};
		DD28E1782B2B7D9B00F9D456 /* Release */ = {
			isa = XCBuildConfiguration;
			buildSettings = {
				ALWAYS_SEARCH_USER_PATHS = NO;
				ASSETCATALOG_COMPILER_GENERATE_SWIFT_ASSET_SYMBOL_EXTENSIONS = YES;
				CLANG_ANALYZER_NONNULL = YES;
				CLANG_ANALYZER_NUMBER_OBJECT_CONVERSION = YES_AGGRESSIVE;
				CLANG_CXX_LANGUAGE_STANDARD = "gnu++20";
				CLANG_ENABLE_MODULES = YES;
				CLANG_ENABLE_OBJC_ARC = YES;
				CLANG_ENABLE_OBJC_WEAK = YES;
				CLANG_WARN_BLOCK_CAPTURE_AUTORELEASING = YES;
				CLANG_WARN_BOOL_CONVERSION = YES;
				CLANG_WARN_COMMA = YES;
				CLANG_WARN_CONSTANT_CONVERSION = YES;
				CLANG_WARN_DEPRECATED_OBJC_IMPLEMENTATIONS = YES;
				CLANG_WARN_DIRECT_OBJC_ISA_USAGE = YES_ERROR;
				CLANG_WARN_DOCUMENTATION_COMMENTS = YES;
				CLANG_WARN_EMPTY_BODY = YES;
				CLANG_WARN_ENUM_CONVERSION = YES;
				CLANG_WARN_INFINITE_RECURSION = YES;
				CLANG_WARN_INT_CONVERSION = YES;
				CLANG_WARN_NON_LITERAL_NULL_CONVERSION = YES;
				CLANG_WARN_OBJC_IMPLICIT_RETAIN_SELF = YES;
				CLANG_WARN_OBJC_LITERAL_CONVERSION = YES;
				CLANG_WARN_OBJC_ROOT_CLASS = YES_ERROR;
				CLANG_WARN_QUOTED_INCLUDE_IN_FRAMEWORK_HEADER = YES;
				CLANG_WARN_RANGE_LOOP_ANALYSIS = YES;
				CLANG_WARN_STRICT_PROTOTYPES = YES;
				CLANG_WARN_SUSPICIOUS_MOVE = YES;
				CLANG_WARN_UNGUARDED_AVAILABILITY = YES_AGGRESSIVE;
				CLANG_WARN_UNREACHABLE_CODE = YES;
				CLANG_WARN__DUPLICATE_METHOD_MATCH = YES;
				COPY_PHASE_STRIP = NO;
				DEBUG_INFORMATION_FORMAT = "dwarf-with-dsym";
				ENABLE_NS_ASSERTIONS = NO;
				ENABLE_STRICT_OBJC_MSGSEND = YES;
				ENABLE_USER_SCRIPT_SANDBOXING = YES;
				GCC_C_LANGUAGE_STANDARD = gnu17;
				GCC_NO_COMMON_BLOCKS = YES;
				GCC_WARN_64_TO_32_BIT_CONVERSION = YES;
				GCC_WARN_ABOUT_RETURN_TYPE = YES_ERROR;
				GCC_WARN_UNDECLARED_SELECTOR = YES;
				GCC_WARN_UNINITIALIZED_AUTOS = YES_AGGRESSIVE;
				GCC_WARN_UNUSED_FUNCTION = YES;
				GCC_WARN_UNUSED_VARIABLE = YES;
				IPHONEOS_DEPLOYMENT_TARGET = 17.0;
				LOCALIZATION_PREFERS_STRING_CATALOGS = YES;
				MTL_ENABLE_DEBUG_INFO = NO;
				MTL_FAST_MATH = YES;
				SDKROOT = iphoneos;
				SWIFT_COMPILATION_MODE = wholemodule;
				VALIDATE_PRODUCT = YES;
			};
			name = Release;
		};
		DD28E17A2B2B7D9B00F9D456 /* Debug */ = {
			isa = XCBuildConfiguration;
			buildSettings = {
				ASSETCATALOG_COMPILER_APPICON_NAME = AppIcon;
				ASSETCATALOG_COMPILER_GLOBAL_ACCENT_COLOR_NAME = AccentColor;
				CODE_SIGN_STYLE = Automatic;
				CURRENT_PROJECT_VERSION = 1;
				DEVELOPMENT_TEAM = J6ZCQ74AQR;
				GENERATE_INFOPLIST_FILE = YES;
				INFOPLIST_FILE = TechnologyAssessment/Info.plist;
				INFOPLIST_KEY_UIApplicationSupportsIndirectInputEvents = YES;
				INFOPLIST_KEY_UILaunchStoryboardName = LaunchScreen;
				INFOPLIST_KEY_UISupportedInterfaceOrientations_iPad = "UIInterfaceOrientationPortrait UIInterfaceOrientationPortraitUpsideDown UIInterfaceOrientationLandscapeLeft UIInterfaceOrientationLandscapeRight";
				INFOPLIST_KEY_UISupportedInterfaceOrientations_iPhone = "UIInterfaceOrientationPortrait UIInterfaceOrientationLandscapeLeft UIInterfaceOrientationLandscapeRight";
				LD_RUNPATH_SEARCH_PATHS = (
					"$(inherited)",
					"@executable_path/Frameworks",
				);
				MARKETING_VERSION = 1.0;
				PRODUCT_BUNDLE_IDENTIFIER = com.target.TechnologyAssessment;
				PRODUCT_NAME = "$(TARGET_NAME)";
				SWIFT_EMIT_LOC_STRINGS = YES;
				SWIFT_VERSION = 5.0;
				TARGETED_DEVICE_FAMILY = "1,2";
			};
			name = Debug;
		};
		DD28E17B2B2B7D9B00F9D456 /* Release */ = {
			isa = XCBuildConfiguration;
			buildSettings = {
				ASSETCATALOG_COMPILER_APPICON_NAME = AppIcon;
				ASSETCATALOG_COMPILER_GLOBAL_ACCENT_COLOR_NAME = AccentColor;
				CODE_SIGN_STYLE = Automatic;
				CURRENT_PROJECT_VERSION = 1;
				DEVELOPMENT_TEAM = J6ZCQ74AQR;
				GENERATE_INFOPLIST_FILE = YES;
				INFOPLIST_FILE = TechnologyAssessment/Info.plist;
				INFOPLIST_KEY_UIApplicationSupportsIndirectInputEvents = YES;
				INFOPLIST_KEY_UILaunchStoryboardName = LaunchScreen;
				INFOPLIST_KEY_UISupportedInterfaceOrientations_iPad = "UIInterfaceOrientationPortrait UIInterfaceOrientationPortraitUpsideDown UIInterfaceOrientationLandscapeLeft UIInterfaceOrientationLandscapeRight";
				INFOPLIST_KEY_UISupportedInterfaceOrientations_iPhone = "UIInterfaceOrientationPortrait UIInterfaceOrientationLandscapeLeft UIInterfaceOrientationLandscapeRight";
				LD_RUNPATH_SEARCH_PATHS = (
					"$(inherited)",
					"@executable_path/Frameworks",
				);
				MARKETING_VERSION = 1.0;
				PRODUCT_BUNDLE_IDENTIFIER = com.target.TechnologyAssessment;
				PRODUCT_NAME = "$(TARGET_NAME)";
				SWIFT_EMIT_LOC_STRINGS = YES;
				SWIFT_VERSION = 5.0;
				TARGETED_DEVICE_FAMILY = "1,2";
			};
			name = Release;
		};
		DD28E17D2B2B7D9B00F9D456 /* Debug */ = {
			isa = XCBuildConfiguration;
			buildSettings = {
				ALWAYS_EMBED_SWIFT_STANDARD_LIBRARIES = YES;
				BUNDLE_LOADER = "$(TEST_HOST)";
				CODE_SIGN_STYLE = Automatic;
				CURRENT_PROJECT_VERSION = 1;
				DEVELOPMENT_TEAM = J6ZCQ74AQR;
				GENERATE_INFOPLIST_FILE = YES;
				IPHONEOS_DEPLOYMENT_TARGET = 17.0;
				MARKETING_VERSION = 1.0;
				PRODUCT_BUNDLE_IDENTIFIER = com.target.TechnologyAssessmentTests;
				PRODUCT_NAME = "$(TARGET_NAME)";
				SWIFT_EMIT_LOC_STRINGS = NO;
				SWIFT_VERSION = 5.0;
				TARGETED_DEVICE_FAMILY = "1,2";
				TEST_HOST = "$(BUILT_PRODUCTS_DIR)/TechnologyAssessment.app/$(BUNDLE_EXECUTABLE_FOLDER_PATH)/TechnologyAssessment";
			};
			name = Debug;
		};
		DD28E17E2B2B7D9B00F9D456 /* Release */ = {
			isa = XCBuildConfiguration;
			buildSettings = {
				ALWAYS_EMBED_SWIFT_STANDARD_LIBRARIES = YES;
				BUNDLE_LOADER = "$(TEST_HOST)";
				CODE_SIGN_STYLE = Automatic;
				CURRENT_PROJECT_VERSION = 1;
				DEVELOPMENT_TEAM = J6ZCQ74AQR;
				GENERATE_INFOPLIST_FILE = YES;
				IPHONEOS_DEPLOYMENT_TARGET = 17.0;
				MARKETING_VERSION = 1.0;
				PRODUCT_BUNDLE_IDENTIFIER = com.target.TechnologyAssessmentTests;
				PRODUCT_NAME = "$(TARGET_NAME)";
				SWIFT_EMIT_LOC_STRINGS = NO;
				SWIFT_VERSION = 5.0;
				TARGETED_DEVICE_FAMILY = "1,2";
				TEST_HOST = "$(BUILT_PRODUCTS_DIR)/TechnologyAssessment.app/$(BUNDLE_EXECUTABLE_FOLDER_PATH)/TechnologyAssessment";
			};
			name = Release;
		};
		DD28E1802B2B7D9B00F9D456 /* Debug */ = {
			isa = XCBuildConfiguration;
			buildSettings = {
				ALWAYS_EMBED_SWIFT_STANDARD_LIBRARIES = YES;
				CODE_SIGN_STYLE = Automatic;
				CURRENT_PROJECT_VERSION = 1;
				DEVELOPMENT_TEAM = J6ZCQ74AQR;
				GENERATE_INFOPLIST_FILE = YES;
				MARKETING_VERSION = 1.0;
				PRODUCT_BUNDLE_IDENTIFIER = com.target.TechnologyAssessmentUITests;
				PRODUCT_NAME = "$(TARGET_NAME)";
				SWIFT_EMIT_LOC_STRINGS = NO;
				SWIFT_VERSION = 5.0;
				TARGETED_DEVICE_FAMILY = "1,2";
				TEST_TARGET_NAME = TechnologyAssessment;
			};
			name = Debug;
		};
		DD28E1812B2B7D9B00F9D456 /* Release */ = {
			isa = XCBuildConfiguration;
			buildSettings = {
				ALWAYS_EMBED_SWIFT_STANDARD_LIBRARIES = YES;
				CODE_SIGN_STYLE = Automatic;
				CURRENT_PROJECT_VERSION = 1;
				DEVELOPMENT_TEAM = J6ZCQ74AQR;
				GENERATE_INFOPLIST_FILE = YES;
				MARKETING_VERSION = 1.0;
				PRODUCT_BUNDLE_IDENTIFIER = com.target.TechnologyAssessmentUITests;
				PRODUCT_NAME = "$(TARGET_NAME)";
				SWIFT_EMIT_LOC_STRINGS = NO;
				SWIFT_VERSION = 5.0;
				TARGETED_DEVICE_FAMILY = "1,2";
				TEST_TARGET_NAME = TechnologyAssessment;
			};
			name = Release;
		};
/* End XCBuildConfiguration section */

/* Begin XCConfigurationList section */
		DD28E14A2B2B7D9700F9D456 /* Build configuration list for PBXProject "TechnologyAssessment" */ = {
			isa = XCConfigurationList;
			buildConfigurations = (
				DD28E1772B2B7D9B00F9D456 /* Debug */,
				DD28E1782B2B7D9B00F9D456 /* Release */,
			);
			defaultConfigurationIsVisible = 0;
			defaultConfigurationName = Release;
		};
		DD28E1792B2B7D9B00F9D456 /* Build configuration list for PBXNativeTarget "TechnologyAssessment" */ = {
			isa = XCConfigurationList;
			buildConfigurations = (
				DD28E17A2B2B7D9B00F9D456 /* Debug */,
				DD28E17B2B2B7D9B00F9D456 /* Release */,
			);
			defaultConfigurationIsVisible = 0;
			defaultConfigurationName = Release;
		};
		DD28E17C2B2B7D9B00F9D456 /* Build configuration list for PBXNativeTarget "TechnologyAssessmentTests" */ = {
			isa = XCConfigurationList;
			buildConfigurations = (
				DD28E17D2B2B7D9B00F9D456 /* Debug */,
				DD28E17E2B2B7D9B00F9D456 /* Release */,
			);
			defaultConfigurationIsVisible = 0;
			defaultConfigurationName = Release;
		};
		DD28E17F2B2B7D9B00F9D456 /* Build configuration list for PBXNativeTarget "TechnologyAssessmentUITests" */ = {
			isa = XCConfigurationList;
			buildConfigurations = (
				DD28E1802B2B7D9B00F9D456 /* Debug */,
				DD28E1812B2B7D9B00F9D456 /* Release */,
			);
			defaultConfigurationIsVisible = 0;
			defaultConfigurationName = Release;
		};
/* End XCConfigurationList section */
	};
	rootObject = DD28E1472B2B7D9700F9D456 /* Project object */;
}
